
Microsoft Visual Studio Solution File, Format Version 11.00
# Visual Studio 2010
Project("{FAE04EC0-301F-11D3-BF4B-00C04F79EFBC}") = "0Harmony", "0Harmony\0Harmony.csproj", "{C2043D23-6315-4853-B0B0-819B88470E5E}"
EndProject
Project("{FAE04EC0-301F-11D3-BF4B-00C04F79EFBC}") = "Bannerlord.Harmony", "Bannerlord.Harmony\Bannerlord.Harmony.csproj", "{C2043D23-6315-4853-B0B0-819B88470E5F}"
EndProject
Project("{FAE04EC0-301F-11D3-BF4B-00C04F79EFBC}") = "Bannerlord.MBOptionScreen.v1.3.6", "Bannerlord.MBOptionScreen.v1.3.6\Bannerlord.MBOptionScreen.v1.3.6.csproj", "{C2043D23-6315-4853-B0B0-819B88470E60}"
EndProject
Project("{FAE04EC0-301F-11D3-BF4B-00C04F79EFBC}") = "GalaxyCSharp", "GalaxyCSharp\GalaxyCSharp.csproj", "{C2043D23-6315-4853-B0B0-819B88470E61}"
EndProject
Project("{FAE04EC0-301F-11D3-BF4B-00C04F79EFBC}") = "MCM.UI.Adapter.MCMv5", "MCM.UI.Adapter.MCMv5\MCM.UI.Adapter.MCMv5.csproj", "{C2043D23-6315-4853-B0B0-819B88470E62}"
EndProject
Project("{FAE04EC0-301F-11D3-BF4B-00C04F79EFBC}") = "MonoMod.Backports", "MonoMod.Backports\MonoMod.Backports.csproj", "{C2043D23-6315-4853-B0B0-819B88470E63}"
EndProject
Project("{FAE04EC0-301F-11D3-BF4B-00C04F79EFBC}") = "MonoMod.ILHelpers", "MonoMod.ILHelpers\MonoMod.ILHelpers.csproj", "{C2043D23-6315-4853-B0B0-819B88470E64}"
EndProject
Project("{FAE04EC0-301F-11D3-BF4B-00C04F79EFBC}") = "mscorlib", "mscorlib\mscorlib.csproj", "{C2043D23-6315-4853-B0B0-819B88470E5D}"
EndProject
Project("{FAE04EC0-301F-11D3-BF4B-00C04F79EFBC}") = "myaimod", "myaimod\myaimod.csproj", "{C2043D23-6315-4853-B0B0-819B88470E65}"
EndProject
Project("{FAE04EC0-301F-11D3-BF4B-00C04F79EFBC}") = "Newtonsoft.Json", "Newtonsoft.Json\Newtonsoft.Json.csproj", "{C2043D23-6315-4853-B0B0-819B88470E66}"
EndProject
Project("{FAE04EC0-301F-11D3-BF4B-00C04F79EFBC}") = "SandBox.GauntletUI.AutoGenerated.0", "SandBox.GauntletUI.AutoGenerated.0\SandBox.GauntletUI.AutoGenerated.0.csproj", "{C2043D23-6315-4853-B0B0-819B88470E68}"
EndProject
Project("{FAE04EC0-301F-11D3-BF4B-00C04F79EFBC}") = "SandBox.GauntletUI.AutoGenerated.1", "SandBox.GauntletUI.AutoGenerated.1\SandBox.GauntletUI.AutoGenerated.1.csproj", "{C2043D23-6315-4853-B0B0-819B88470E69}"
EndProject
Project("{FAE04EC0-301F-11D3-BF4B-00C04F79EFBC}") = "SandBox.GauntletUI", "SandBox.GauntletUI\SandBox.GauntletUI.csproj", "{C2043D23-6315-4853-B0B0-819B88470E6A}"
EndProject
Project("{FAE04EC0-301F-11D3-BF4B-00C04F79EFBC}") = "SandBox.ViewModelCollection", "SandBox.ViewModelCollection\SandBox.ViewModelCollection.csproj", "{C2043D23-6315-4853-B0B0-819B88470E6C}"
EndProject
Project("{FAE04EC0-301F-11D3-BF4B-00C04F79EFBC}") = "SandBox.View", "SandBox.View\SandBox.View.csproj", "{C2043D23-6315-4853-B0B0-819B88470E6B}"
EndProject
Project("{FAE04EC0-301F-11D3-BF4B-00C04F79EFBC}") = "SandBox", "SandBox\SandBox.csproj", "{C2043D23-6315-4853-B0B0-819B88470E67}"
EndProject
Project("{FAE04EC0-301F-11D3-BF4B-00C04F79EFBC}") = "StbSharp", "StbSharp\StbSharp.csproj", "{C2043D23-6315-4853-B0B0-819B88470E6D}"
EndProject
Project("{FAE04EC0-301F-11D3-BF4B-00C04F79EFBC}") = "Steamworks.NET", "Steamworks.NET\Steamworks.NET.csproj", "{C2043D23-6315-4853-B0B0-819B88470E6E}"
EndProject
Project("{FAE04EC0-301F-11D3-BF4B-00C04F79EFBC}") = "System.ValueTuple", "System.ValueTuple\System.ValueTuple.csproj", "{C2043D23-6315-4853-B0B0-819B88470E6F}"
EndProject
Project("{FAE04EC0-301F-11D3-BF4B-00C04F79EFBC}") = "TaleWorlds.AchievementSystem", "TaleWorlds.AchievementSystem\TaleWorlds.AchievementSystem.csproj", "{C2043D23-6315-4853-B0B0-819B88470E70}"
EndProject
Project("{FAE04EC0-301F-11D3-BF4B-00C04F79EFBC}") = "TaleWorlds.ActivitySystem", "TaleWorlds.ActivitySystem\TaleWorlds.ActivitySystem.csproj", "{C2043D23-6315-4853-B0B0-819B88470E71}"
EndProject
Project("{FAE04EC0-301F-11D3-BF4B-00C04F79EFBC}") = "TaleWorlds.CampaignSystem.ViewModelCollection", "TaleWorlds.CampaignSystem.ViewModelCollection\TaleWorlds.CampaignSystem.ViewModelCollection.csproj", "{C2043D23-6315-4853-B0B0-819B88470E73}"
EndProject
Project("{FAE04EC0-301F-11D3-BF4B-00C04F79EFBC}") = "TaleWorlds.CampaignSystem", "TaleWorlds.CampaignSystem\TaleWorlds.CampaignSystem.csproj", "{C2043D23-6315-4853-B0B0-819B88470E72}"
EndProject
Project("{FAE04EC0-301F-11D3-BF4B-00C04F79EFBC}") = "TaleWorlds.Core.ViewModelCollection", "TaleWorlds.Core.ViewModelCollection\TaleWorlds.Core.ViewModelCollection.csproj", "{C2043D23-6315-4853-B0B0-819B88470E75}"
EndProject
Project("{FAE04EC0-301F-11D3-BF4B-00C04F79EFBC}") = "TaleWorlds.Core", "TaleWorlds.Core\TaleWorlds.Core.csproj", "{C2043D23-6315-4853-B0B0-819B88470E74}"
EndProject
Project("{FAE04EC0-301F-11D3-BF4B-00C04F79EFBC}") = "TaleWorlds.Diamond.AccessProvider.GDK", "TaleWorlds.Diamond.AccessProvider.GDK\TaleWorlds.Diamond.AccessProvider.GDK.csproj", "{C2043D23-6315-4853-B0B0-819B88470E76}"
EndProject
Project("{FAE04EC0-301F-11D3-BF4B-00C04F79EFBC}") = "TaleWorlds.Diamond.AccessProvider.GOG", "TaleWorlds.Diamond.AccessProvider.GOG\TaleWorlds.Diamond.AccessProvider.GOG.csproj", "{C2043D23-6315-4853-B0B0-819B88470E77}"
EndProject
Project("{FAE04EC0-301F-11D3-BF4B-00C04F79EFBC}") = "TaleWorlds.Diamond.AccessProvider.Steam", "TaleWorlds.Diamond.AccessProvider.Steam\TaleWorlds.Diamond.AccessProvider.Steam.csproj", "{C2043D23-6315-4853-B0B0-819B88470E78}"
EndProject
Project("{FAE04EC0-301F-11D3-BF4B-00C04F79EFBC}") = "TaleWorlds.Diamond.AccessProvider.Test", "TaleWorlds.Diamond.AccessProvider.Test\TaleWorlds.Diamond.AccessProvider.Test.csproj", "{C2043D23-6315-4853-B0B0-819B88470E79}"
EndProject
Project("{FAE04EC0-301F-11D3-BF4B-00C04F79EFBC}") = "TaleWorlds.Diamond", "TaleWorlds.Diamond\TaleWorlds.Diamond.csproj", "{C2043D23-6315-4853-B0B0-819B88470E7A}"
EndProject
Project("{FAE04EC0-301F-11D3-BF4B-00C04F79EFBC}") = "TaleWorlds.DotNet.AutoGenerated", "TaleWorlds.DotNet.AutoGenerated\TaleWorlds.DotNet.AutoGenerated.csproj", "{C2043D23-6315-4853-B0B0-819B88470E7B}"
EndProject
Project("{FAE04EC0-301F-11D3-BF4B-00C04F79EFBC}") = "TaleWorlds.DotNet", "TaleWorlds.DotNet\TaleWorlds.DotNet.csproj", "{C2043D23-6315-4853-B0B0-819B88470E7C}"
EndProject
Project("{FAE04EC0-301F-11D3-BF4B-00C04F79EFBC}") = "TaleWorlds.Engine.AutoGenerated", "TaleWorlds.Engine.AutoGenerated\TaleWorlds.Engine.AutoGenerated.csproj", "{C2043D23-6315-4853-B0B0-819B88470E7D}"
EndProject
Project("{FAE04EC0-301F-11D3-BF4B-00C04F79EFBC}") = "TaleWorlds.Engine.GauntletUI", "TaleWorlds.Engine.GauntletUI\TaleWorlds.Engine.GauntletUI.csproj", "{C2043D23-6315-4853-B0B0-819B88470E7F}"
EndProject
Project("{FAE04EC0-301F-11D3-BF4B-00C04F79EFBC}") = "TaleWorlds.Engine", "TaleWorlds.Engine\TaleWorlds.Engine.csproj", "{C2043D23-6315-4853-B0B0-819B88470E7E}"
EndProject
Project("{FAE04EC0-301F-11D3-BF4B-00C04F79EFBC}") = "TaleWorlds.GauntletUI.CodeGenerator", "TaleWorlds.GauntletUI.CodeGenerator\TaleWorlds.GauntletUI.CodeGenerator.csproj", "{C2043D23-6315-4853-B0B0-819B88470E80}"
EndProject
Project("{FAE04EC0-301F-11D3-BF4B-00C04F79EFBC}") = "TaleWorlds.GauntletUI.Data", "TaleWorlds.GauntletUI.Data\TaleWorlds.GauntletUI.Data.csproj", "{C2043D23-6315-4853-B0B0-819B88470E81}"
EndProject
Project("{FAE04EC0-301F-11D3-BF4B-00C04F79EFBC}") = "TaleWorlds.GauntletUI.ExtraWidgets", "TaleWorlds.GauntletUI.ExtraWidgets\TaleWorlds.GauntletUI.ExtraWidgets.csproj", "{C2043D23-6315-4853-B0B0-819B88470E83}"
EndProject
Project("{FAE04EC0-301F-11D3-BF4B-00C04F79EFBC}") = "TaleWorlds.GauntletUI.PrefabSystem", "TaleWorlds.GauntletUI.PrefabSystem\TaleWorlds.GauntletUI.PrefabSystem.csproj", "{C2043D23-6315-4853-B0B0-819B88470E84}"
EndProject
Project("{FAE04EC0-301F-11D3-BF4B-00C04F79EFBC}") = "TaleWorlds.GauntletUI", "TaleWorlds.GauntletUI\TaleWorlds.GauntletUI.csproj", "{C2043D23-6315-4853-B0B0-819B88470E82}"
EndProject
Project("{FAE04EC0-301F-11D3-BF4B-00C04F79EFBC}") = "TaleWorlds.InputSystem", "TaleWorlds.InputSystem\TaleWorlds.InputSystem.csproj", "{C2043D23-6315-4853-B0B0-819B88470E85}"
EndProject
Project("{FAE04EC0-301F-11D3-BF4B-00C04F79EFBC}") = "TaleWorlds.Library", "TaleWorlds.Library\TaleWorlds.Library.csproj", "{C2043D23-6315-4853-B0B0-819B88470E86}"
EndProject
Project("{FAE04EC0-301F-11D3-BF4B-00C04F79EFBC}") = "TaleWorlds.LinQuick", "TaleWorlds.LinQuick\TaleWorlds.LinQuick.csproj", "{C2043D23-6315-4853-B0B0-819B88470E87}"
EndProject
Global
	GlobalSection(SolutionConfigurationPlatforms) = preSolution
		Debug|Any CPU = Debug|Any CPU
		Debug|Mixed Platforms = Debug|Mixed Platforms
		Debug|x64 = Debug|x64
		Release|Any CPU = Release|Any CPU
		Release|Mixed Platforms = Release|Mixed Platforms
		Release|x64 = Release|x64
	EndGlobalSection
	GlobalSection(ProjectConfigurationPlatforms) = postSolution
		{C2043D23-6315-4853-B0B0-819B88470E5E}.Debug|Any CPU.ActiveCfg = Debug|Any CPU
		{C2043D23-6315-4853-B0B0-819B88470E5E}.Debug|Any CPU.Build.0 = Debug|Any CPU
		{C2043D23-6315-4853-B0B0-819B88470E5E}.Debug|Mixed Platforms.ActiveCfg = Debug|Any CPU
		{C2043D23-6315-4853-B0B0-819B88470E5E}.Debug|Mixed Platforms.Build.0 = Debug|Any CPU
		{C2043D23-6315-4853-B0B0-819B88470E5E}.Debug|x64.ActiveCfg = Debug|Any CPU
		{C2043D23-6315-4853-B0B0-819B88470E5E}.Debug|x64.Build.0 = Debug|Any CPU
		{C2043D23-6315-4853-B0B0-819B88470E5E}.Release|Any CPU.ActiveCfg = Release|Any CPU
		{C2043D23-6315-4853-B0B0-819B88470E5E}.Release|Any CPU.Build.0 = Release|Any CPU
		{C2043D23-6315-4853-B0B0-819B88470E5E}.Release|Mixed Platforms.ActiveCfg = Release|Any CPU
		{C2043D23-6315-4853-B0B0-819B88470E5E}.Release|Mixed Platforms.Build.0 = Release|Any CPU
		{C2043D23-6315-4853-B0B0-819B88470E5E}.Release|x64.ActiveCfg = Release|Any CPU
		{C2043D23-6315-4853-B0B0-819B88470E5E}.Release|x64.Build.0 = Release|Any CPU
		{C2043D23-6315-4853-B0B0-819B88470E5F}.Debug|Any CPU.ActiveCfg = Debug|x64
		{C2043D23-6315-4853-B0B0-819B88470E5F}.Debug|Any CPU.Build.0 = Debug|x64
		{C2043D23-6315-4853-B0B0-819B88470E5F}.Debug|Mixed Platforms.ActiveCfg = Debug|x64
		{C2043D23-6315-4853-B0B0-819B88470E5F}.Debug|Mixed Platforms.Build.0 = Debug|x64
		{C2043D23-6315-4853-B0B0-819B88470E5F}.Debug|x64.ActiveCfg = Debug|x64
		{C2043D23-6315-4853-B0B0-819B88470E5F}.Debug|x64.Build.0 = Debug|x64
		{C2043D23-6315-4853-B0B0-819B88470E5F}.Release|Any CPU.ActiveCfg = Release|x64
		{C2043D23-6315-4853-B0B0-819B88470E5F}.Release|Any CPU.Build.0 = Release|x64
		{C2043D23-6315-4853-B0B0-819B88470E5F}.Release|Mixed Platforms.ActiveCfg = Release|x64
		{C2043D23-6315-4853-B0B0-819B88470E5F}.Release|Mixed Platforms.Build.0 = Release|x64
		{C2043D23-6315-4853-B0B0-819B88470E5F}.Release|x64.ActiveCfg = Release|x64
		{C2043D23-6315-4853-B0B0-819B88470E5F}.Release|x64.Build.0 = Release|x64
		{C2043D23-6315-4853-B0B0-819B88470E60}.Debug|Any CPU.ActiveCfg = Debug|Any CPU
		{C2043D23-6315-4853-B0B0-819B88470E60}.Debug|Any CPU.Build.0 = Debug|Any CPU
		{C2043D23-6315-4853-B0B0-819B88470E60}.Debug|Mixed Platforms.ActiveCfg = Debug|Any CPU
		{C2043D23-6315-4853-B0B0-819B88470E60}.Debug|Mixed Platforms.Build.0 = Debug|Any CPU
		{C2043D23-6315-4853-B0B0-819B88470E60}.Debug|x64.ActiveCfg = Debug|Any CPU
		{C2043D23-6315-4853-B0B0-819B88470E60}.Debug|x64.Build.0 = Debug|Any CPU
		{C2043D23-6315-4853-B0B0-819B88470E60}.Release|Any CPU.ActiveCfg = Release|Any CPU
		{C2043D23-6315-4853-B0B0-819B88470E60}.Release|Any CPU.Build.0 = Release|Any CPU
		{C2043D23-6315-4853-B0B0-819B88470E60}.Release|Mixed Platforms.ActiveCfg = Release|Any CPU
		{C2043D23-6315-4853-B0B0-819B88470E60}.Release|Mixed Platforms.Build.0 = Release|Any CPU
		{C2043D23-6315-4853-B0B0-819B88470E60}.Release|x64.ActiveCfg = Release|Any CPU
		{C2043D23-6315-4853-B0B0-819B88470E60}.Release|x64.Build.0 = Release|Any CPU
		{C2043D23-6315-4853-B0B0-819B88470E61}.Debug|Any CPU.ActiveCfg = Debug|Any CPU
		{C2043D23-6315-4853-B0B0-819B88470E61}.Debug|Any CPU.Build.0 = Debug|Any CPU
		{C2043D23-6315-4853-B0B0-819B88470E61}.Debug|Mixed Platforms.ActiveCfg = Debug|Any CPU
		{C2043D23-6315-4853-B0B0-819B88470E61}.Debug|Mixed Platforms.Build.0 = Debug|Any CPU
		{C2043D23-6315-4853-B0B0-819B88470E61}.Debug|x64.ActiveCfg = Debug|Any CPU
		{C2043D23-6315-4853-B0B0-819B88470E61}.Debug|x64.Build.0 = Debug|Any CPU
		{C2043D23-6315-4853-B0B0-819B88470E61}.Release|Any CPU.ActiveCfg = Release|Any CPU
		{C2043D23-6315-4853-B0B0-819B88470E61}.Release|Any CPU.Build.0 = Release|Any CPU
		{C2043D23-6315-4853-B0B0-819B88470E61}.Release|Mixed Platforms.ActiveCfg = Release|Any CPU
		{C2043D23-6315-4853-B0B0-819B88470E61}.Release|Mixed Platforms.Build.0 = Release|Any CPU
		{C2043D23-6315-4853-B0B0-819B88470E61}.Release|x64.ActiveCfg = Release|Any CPU
		{C2043D23-6315-4853-B0B0-819B88470E61}.Release|x64.Build.0 = Release|Any CPU
		{C2043D23-6315-4853-B0B0-819B88470E62}.Debug|Any CPU.ActiveCfg = Debug|Any CPU
		{C2043D23-6315-4853-B0B0-819B88470E62}.Debug|Any CPU.Build.0 = Debug|Any CPU
		{C2043D23-6315-4853-B0B0-819B88470E62}.Debug|Mixed Platforms.ActiveCfg = Debug|Any CPU
		{C2043D23-6315-4853-B0B0-819B88470E62}.Debug|Mixed Platforms.Build.0 = Debug|Any CPU
		{C2043D23-6315-4853-B0B0-819B88470E62}.Debug|x64.ActiveCfg = Debug|Any CPU
		{C2043D23-6315-4853-B0B0-819B88470E62}.Debug|x64.Build.0 = Debug|Any CPU
		{C2043D23-6315-4853-B0B0-819B88470E62}.Release|Any CPU.ActiveCfg = Release|Any CPU
		{C2043D23-6315-4853-B0B0-819B88470E62}.Release|Any CPU.Build.0 = Release|Any CPU
		{C2043D23-6315-4853-B0B0-819B88470E62}.Release|Mixed Platforms.ActiveCfg = Release|Any CPU
		{C2043D23-6315-4853-B0B0-819B88470E62}.Release|Mixed Platforms.Build.0 = Release|Any CPU
		{C2043D23-6315-4853-B0B0-819B88470E62}.Release|x64.ActiveCfg = Release|Any CPU
		{C2043D23-6315-4853-B0B0-819B88470E62}.Release|x64.Build.0 = Release|Any CPU
		{C2043D23-6315-4853-B0B0-819B88470E63}.Debug|Any CPU.ActiveCfg = Debug|Any CPU
		{C2043D23-6315-4853-B0B0-819B88470E63}.Debug|Any CPU.Build.0 = Debug|Any CPU
		{C2043D23-6315-4853-B0B0-819B88470E63}.Debug|Mixed Platforms.ActiveCfg = Debug|Any CPU
		{C2043D23-6315-4853-B0B0-819B88470E63}.Debug|Mixed Platforms.Build.0 = Debug|Any CPU
		{C2043D23-6315-4853-B0B0-819B88470E63}.Debug|x64.ActiveCfg = Debug|Any CPU
		{C2043D23-6315-4853-B0B0-819B88470E63}.Debug|x64.Build.0 = Debug|Any CPU
		{C2043D23-6315-4853-B0B0-819B88470E63}.Release|Any CPU.ActiveCfg = Release|Any CPU
		{C2043D23-6315-4853-B0B0-819B88470E63}.Release|Any CPU.Build.0 = Release|Any CPU
		{C2043D23-6315-4853-B0B0-819B88470E63}.Release|Mixed Platforms.ActiveCfg = Release|Any CPU
		{C2043D23-6315-4853-B0B0-819B88470E63}.Release|Mixed Platforms.Build.0 = Release|Any CPU
		{C2043D23-6315-4853-B0B0-819B88470E63}.Release|x64.ActiveCfg = Release|Any CPU
		{C2043D23-6315-4853-B0B0-819B88470E63}.Release|x64.Build.0 = Release|Any CPU
		{C2043D23-6315-4853-B0B0-819B88470E64}.Debug|Any CPU.ActiveCfg = Debug|Any CPU
		{C2043D23-6315-4853-B0B0-819B88470E64}.Debug|Any CPU.Build.0 = Debug|Any CPU
		{C2043D23-6315-4853-B0B0-819B88470E64}.Debug|Mixed Platforms.ActiveCfg = Debug|Any CPU
		{C2043D23-6315-4853-B0B0-819B88470E64}.Debug|Mixed Platforms.Build.0 = Debug|Any CPU
		{C2043D23-6315-4853-B0B0-819B88470E64}.Debug|x64.ActiveCfg = Debug|Any CPU
		{C2043D23-6315-4853-B0B0-819B88470E64}.Debug|x64.Build.0 = Debug|Any CPU
		{C2043D23-6315-4853-B0B0-819B88470E64}.Release|Any CPU.ActiveCfg = Release|Any CPU
		{C2043D23-6315-4853-B0B0-819B88470E64}.Release|Any CPU.Build.0 = Release|Any CPU
		{C2043D23-6315-4853-B0B0-819B88470E64}.Release|Mixed Platforms.ActiveCfg = Release|Any CPU
		{C2043D23-6315-4853-B0B0-819B88470E64}.Release|Mixed Platforms.Build.0 = Release|Any CPU
		{C2043D23-6315-4853-B0B0-819B88470E64}.Release|x64.ActiveCfg = Release|Any CPU
		{C2043D23-6315-4853-B0B0-819B88470E64}.Release|x64.Build.0 = Release|Any CPU
		{C2043D23-6315-4853-B0B0-819B88470E5D}.Debug|Any CPU.ActiveCfg = Debug|x64
		{C2043D23-6315-4853-B0B0-819B88470E5D}.Debug|Any CPU.Build.0 = Debug|x64
		{C2043D23-6315-4853-B0B0-819B88470E5D}.Debug|Mixed Platforms.ActiveCfg = Debug|x64
		{C2043D23-6315-4853-B0B0-819B88470E5D}.Debug|Mixed Platforms.Build.0 = Debug|x64
		{C2043D23-6315-4853-B0B0-819B88470E5D}.Debug|x64.ActiveCfg = Debug|x64
		{C2043D23-6315-4853-B0B0-819B88470E5D}.Debug|x64.Build.0 = Debug|x64
		{C2043D23-6315-4853-B0B0-819B88470E5D}.Release|Any CPU.ActiveCfg = Release|x64
		{C2043D23-6315-4853-B0B0-819B88470E5D}.Release|Any CPU.Build.0 = Release|x64
		{C2043D23-6315-4853-B0B0-819B88470E5D}.Release|Mixed Platforms.ActiveCfg = Release|x64
		{C2043D23-6315-4853-B0B0-819B88470E5D}.Release|Mixed Platforms.Build.0 = Release|x64
		{C2043D23-6315-4853-B0B0-819B88470E5D}.Release|x64.ActiveCfg = Release|x64
		{C2043D23-6315-4853-B0B0-819B88470E5D}.Release|x64.Build.0 = Release|x64
		{C2043D23-6315-4853-B0B0-819B88470E65}.Debug|Any CPU.ActiveCfg = Debug|x64
		{C2043D23-6315-4853-B0B0-819B88470E65}.Debug|Any CPU.Build.0 = Debug|x64
		{C2043D23-6315-4853-B0B0-819B88470E65}.Debug|Mixed Platforms.ActiveCfg = Debug|x64
		{C2043D23-6315-4853-B0B0-819B88470E65}.Debug|Mixed Platforms.Build.0 = Debug|x64
		{C2043D23-6315-4853-B0B0-819B88470E65}.Debug|x64.ActiveCfg = Debug|x64
		{C2043D23-6315-4853-B0B0-819B88470E65}.Debug|x64.Build.0 = Debug|x64
		{C2043D23-6315-4853-B0B0-819B88470E65}.Release|Any CPU.ActiveCfg = Release|x64
		{C2043D23-6315-4853-B0B0-819B88470E65}.Release|Any CPU.Build.0 = Release|x64
		{C2043D23-6315-4853-B0B0-819B88470E65}.Release|Mixed Platforms.ActiveCfg = Release|x64
		{C2043D23-6315-4853-B0B0-819B88470E65}.Release|Mixed Platforms.Build.0 = Release|x64
		{C2043D23-6315-4853-B0B0-819B88470E65}.Release|x64.ActiveCfg = Release|x64
		{C2043D23-6315-4853-B0B0-819B88470E65}.Release|x64.Build.0 = Release|x64
		{C2043D23-6315-4853-B0B0-819B88470E66}.Debug|Any CPU.ActiveCfg = Debug|Any CPU
		{C2043D23-6315-4853-B0B0-819B88470E66}.Debug|Any CPU.Build.0 = Debug|Any CPU
		{C2043D23-6315-4853-B0B0-819B88470E66}.Debug|Mixed Platforms.ActiveCfg = Debug|Any CPU
		{C2043D23-6315-4853-B0B0-819B88470E66}.Debug|Mixed Platforms.Build.0 = Debug|Any CPU
		{C2043D23-6315-4853-B0B0-819B88470E66}.Debug|x64.ActiveCfg = Debug|Any CPU
		{C2043D23-6315-4853-B0B0-819B88470E66}.Debug|x64.Build.0 = Debug|Any CPU
		{C2043D23-6315-4853-B0B0-819B88470E66}.Release|Any CPU.ActiveCfg = Release|Any CPU
		{C2043D23-6315-4853-B0B0-819B88470E66}.Release|Any CPU.Build.0 = Release|Any CPU
		{C2043D23-6315-4853-B0B0-819B88470E66}.Release|Mixed Platforms.ActiveCfg = Release|Any CPU
		{C2043D23-6315-4853-B0B0-819B88470E66}.Release|Mixed Platforms.Build.0 = Release|Any CPU
		{C2043D23-6315-4853-B0B0-819B88470E66}.Release|x64.ActiveCfg = Release|Any CPU
		{C2043D23-6315-4853-B0B0-819B88470E66}.Release|x64.Build.0 = Release|Any CPU
		{C2043D23-6315-4853-B0B0-819B88470E68}.Debug|Any CPU.ActiveCfg = Debug|x64
		{C2043D23-6315-4853-B0B0-819B88470E68}.Debug|Any CPU.Build.0 = Debug|x64
		{C2043D23-6315-4853-B0B0-819B88470E68}.Debug|Mixed Platforms.ActiveCfg = Debug|x64
		{C2043D23-6315-4853-B0B0-819B88470E68}.Debug|Mixed Platforms.Build.0 = Debug|x64
		{C2043D23-6315-4853-B0B0-819B88470E68}.Debug|x64.ActiveCfg = Debug|x64
		{C2043D23-6315-4853-B0B0-819B88470E68}.Debug|x64.Build.0 = Debug|x64
		{C2043D23-6315-4853-B0B0-819B88470E68}.Release|Any CPU.ActiveCfg = Release|x64
		{C2043D23-6315-4853-B0B0-819B88470E68}.Release|Any CPU.Build.0 = Release|x64
		{C2043D23-6315-4853-B0B0-819B88470E68}.Release|Mixed Platforms.ActiveCfg = Release|x64
		{C2043D23-6315-4853-B0B0-819B88470E68}.Release|Mixed Platforms.Build.0 = Release|x64
		{C2043D23-6315-4853-B0B0-819B88470E68}.Release|x64.ActiveCfg = Release|x64
		{C2043D23-6315-4853-B0B0-819B88470E68}.Release|x64.Build.0 = Release|x64
		{C2043D23-6315-4853-B0B0-819B88470E69}.Debug|Any CPU.ActiveCfg = Debug|x64
		{C2043D23-6315-4853-B0B0-819B88470E69}.Debug|Any CPU.Build.0 = Debug|x64
		{C2043D23-6315-4853-B0B0-819B88470E69}.Debug|Mixed Platforms.ActiveCfg = Debug|x64
		{C2043D23-6315-4853-B0B0-819B88470E69}.Debug|Mixed Platforms.Build.0 = Debug|x64
		{C2043D23-6315-4853-B0B0-819B88470E69}.Debug|x64.ActiveCfg = Debug|x64
		{C2043D23-6315-4853-B0B0-819B88470E69}.Debug|x64.Build.0 = Debug|x64
		{C2043D23-6315-4853-B0B0-819B88470E69}.Release|Any CPU.ActiveCfg = Release|x64
		{C2043D23-6315-4853-B0B0-819B88470E69}.Release|Any CPU.Build.0 = Release|x64
		{C2043D23-6315-4853-B0B0-819B88470E69}.Release|Mixed Platforms.ActiveCfg = Release|x64
		{C2043D23-6315-4853-B0B0-819B88470E69}.Release|Mixed Platforms.Build.0 = Release|x64
		{C2043D23-6315-4853-B0B0-819B88470E69}.Release|x64.ActiveCfg = Release|x64
		{C2043D23-6315-4853-B0B0-819B88470E69}.Release|x64.Build.0 = Release|x64
		{C2043D23-6315-4853-B0B0-819B88470E6A}.Debug|Any CPU.ActiveCfg = Debug|x64
		{C2043D23-6315-4853-B0B0-819B88470E6A}.Debug|Any CPU.Build.0 = Debug|x64
		{C2043D23-6315-4853-B0B0-819B88470E6A}.Debug|Mixed Platforms.ActiveCfg = Debug|x64
		{C2043D23-6315-4853-B0B0-819B88470E6A}.Debug|Mixed Platforms.Build.0 = Debug|x64
		{C2043D23-6315-4853-B0B0-819B88470E6A}.Debug|x64.ActiveCfg = Debug|x64
		{C2043D23-6315-4853-B0B0-819B88470E6A}.Debug|x64.Build.0 = Debug|x64
		{C2043D23-6315-4853-B0B0-819B88470E6A}.Release|Any CPU.ActiveCfg = Release|x64
		{C2043D23-6315-4853-B0B0-819B88470E6A}.Release|Any CPU.Build.0 = Release|x64
		{C2043D23-6315-4853-B0B0-819B88470E6A}.Release|Mixed Platforms.ActiveCfg = Release|x64
		{C2043D23-6315-4853-B0B0-819B88470E6A}.Release|Mixed Platforms.Build.0 = Release|x64
		{C2043D23-6315-4853-B0B0-819B88470E6A}.Release|x64.ActiveCfg = Release|x64
		{C2043D23-6315-4853-B0B0-819B88470E6A}.Release|x64.Build.0 = Release|x64
		{C2043D23-6315-4853-B0B0-819B88470E6C}.Debug|Any CPU.ActiveCfg = Debug|x64
		{C2043D23-6315-4853-B0B0-819B88470E6C}.Debug|Any CPU.Build.0 = Debug|x64
		{C2043D23-6315-4853-B0B0-819B88470E6C}.Debug|Mixed Platforms.ActiveCfg = Debug|x64
		{C2043D23-6315-4853-B0B0-819B88470E6C}.Debug|Mixed Platforms.Build.0 = Debug|x64
		{C2043D23-6315-4853-B0B0-819B88470E6C}.Debug|x64.ActiveCfg = Debug|x64
		{C2043D23-6315-4853-B0B0-819B88470E6C}.Debug|x64.Build.0 = Debug|x64
		{C2043D23-6315-4853-B0B0-819B88470E6C}.Release|Any CPU.ActiveCfg = Release|x64
		{C2043D23-6315-4853-B0B0-819B88470E6C}.Release|Any CPU.Build.0 = Release|x64
		{C2043D23-6315-4853-B0B0-819B88470E6C}.Release|Mixed Platforms.ActiveCfg = Release|x64
		{C2043D23-6315-4853-B0B0-819B88470E6C}.Release|Mixed Platforms.Build.0 = Release|x64
		{C2043D23-6315-4853-B0B0-819B88470E6C}.Release|x64.ActiveCfg = Release|x64
		{C2043D23-6315-4853-B0B0-819B88470E6C}.Release|x64.Build.0 = Release|x64
		{C2043D23-6315-4853-B0B0-819B88470E6B}.Debug|Any CPU.ActiveCfg = Debug|x64
		{C2043D23-6315-4853-B0B0-819B88470E6B}.Debug|Any CPU.Build.0 = Debug|x64
		{C2043D23-6315-4853-B0B0-819B88470E6B}.Debug|Mixed Platforms.ActiveCfg = Debug|x64
		{C2043D23-6315-4853-B0B0-819B88470E6B}.Debug|Mixed Platforms.Build.0 = Debug|x64
		{C2043D23-6315-4853-B0B0-819B88470E6B}.Debug|x64.ActiveCfg = Debug|x64
		{C2043D23-6315-4853-B0B0-819B88470E6B}.Debug|x64.Build.0 = Debug|x64
		{C2043D23-6315-4853-B0B0-819B88470E6B}.Release|Any CPU.ActiveCfg = Release|x64
		{C2043D23-6315-4853-B0B0-819B88470E6B}.Release|Any CPU.Build.0 = Release|x64
		{C2043D23-6315-4853-B0B0-819B88470E6B}.Release|Mixed Platforms.ActiveCfg = Release|x64
		{C2043D23-6315-4853-B0B0-819B88470E6B}.Release|Mixed Platforms.Build.0 = Release|x64
		{C2043D23-6315-4853-B0B0-819B88470E6B}.Release|x64.ActiveCfg = Release|x64
		{C2043D23-6315-4853-B0B0-819B88470E6B}.Release|x64.Build.0 = Release|x64
		{C2043D23-6315-4853-B0B0-819B88470E67}.Debug|Any CPU.ActiveCfg = Debug|x64
		{C2043D23-6315-4853-B0B0-819B88470E67}.Debug|Any CPU.Build.0 = Debug|x64
		{C2043D23-6315-4853-B0B0-819B88470E67}.Debug|Mixed Platforms.ActiveCfg = Debug|x64
		{C2043D23-6315-4853-B0B0-819B88470E67}.Debug|Mixed Platforms.Build.0 = Debug|x64
		{C2043D23-6315-4853-B0B0-819B88470E67}.Debug|x64.ActiveCfg = Debug|x64
		{C2043D23-6315-4853-B0B0-819B88470E67}.Debug|x64.Build.0 = Debug|x64
		{C2043D23-6315-4853-B0B0-819B88470E67}.Release|Any CPU.ActiveCfg = Release|x64
		{C2043D23-6315-4853-B0B0-819B88470E67}.Release|Any CPU.Build.0 = Release|x64
		{C2043D23-6315-4853-B0B0-819B88470E67}.Release|Mixed Platforms.ActiveCfg = Release|x64
		{C2043D23-6315-4853-B0B0-819B88470E67}.Release|Mixed Platforms.Build.0 = Release|x64
		{C2043D23-6315-4853-B0B0-819B88470E67}.Release|x64.ActiveCfg = Release|x64
		{C2043D23-6315-4853-B0B0-819B88470E67}.Release|x64.Build.0 = Release|x64
		{C2043D23-6315-4853-B0B0-819B88470E6D}.Debug|Any CPU.ActiveCfg = Debug|Any CPU
		{C2043D23-6315-4853-B0B0-819B88470E6D}.Debug|Any CPU.Build.0 = Debug|Any CPU
		{C2043D23-6315-4853-B0B0-819B88470E6D}.Debug|Mixed Platforms.ActiveCfg = Debug|Any CPU
		{C2043D23-6315-4853-B0B0-819B88470E6D}.Debug|Mixed Platforms.Build.0 = Debug|Any CPU
		{C2043D23-6315-4853-B0B0-819B88470E6D}.Debug|x64.ActiveCfg = Debug|Any CPU
		{C2043D23-6315-4853-B0B0-819B88470E6D}.Debug|x64.Build.0 = Debug|Any CPU
		{C2043D23-6315-4853-B0B0-819B88470E6D}.Release|Any CPU.ActiveCfg = Release|Any CPU
		{C2043D23-6315-4853-B0B0-819B88470E6D}.Release|Any CPU.Build.0 = Release|Any CPU
		{C2043D23-6315-4853-B0B0-819B88470E6D}.Release|Mixed Platforms.ActiveCfg = Release|Any CPU
		{C2043D23-6315-4853-B0B0-819B88470E6D}.Release|Mixed Platforms.Build.0 = Release|Any CPU
		{C2043D23-6315-4853-B0B0-819B88470E6D}.Release|x64.ActiveCfg = Release|Any CPU
		{C2043D23-6315-4853-B0B0-819B88470E6D}.Release|x64.Build.0 = Release|Any CPU
		{C2043D23-6315-4853-B0B0-819B88470E6E}.Debug|Any CPU.ActiveCfg = Debug|x64
		{C2043D23-6315-4853-B0B0-819B88470E6E}.Debug|Any CPU.Build.0 = Debug|x64
		{C2043D23-6315-4853-B0B0-819B88470E6E}.Debug|Mixed Platforms.ActiveCfg = Debug|x64
		{C2043D23-6315-4853-B0B0-819B88470E6E}.Debug|Mixed Platforms.Build.0 = Debug|x64
		{C2043D23-6315-4853-B0B0-819B88470E6E}.Debug|x64.ActiveCfg = Debug|x64
		{C2043D23-6315-4853-B0B0-819B88470E6E}.Debug|x64.Build.0 = Debug|x64
		{C2043D23-6315-4853-B0B0-819B88470E6E}.Release|Any CPU.ActiveCfg = Release|x64
		{C2043D23-6315-4853-B0B0-819B88470E6E}.Release|Any CPU.Build.0 = Release|x64
		{C2043D23-6315-4853-B0B0-819B88470E6E}.Release|Mixed Platforms.ActiveCfg = Release|x64
		{C2043D23-6315-4853-B0B0-819B88470E6E}.Release|Mixed Platforms.Build.0 = Release|x64
		{C2043D23-6315-4853-B0B0-819B88470E6E}.Release|x64.ActiveCfg = Release|x64
		{C2043D23-6315-4853-B0B0-819B88470E6E}.Release|x64.Build.0 = Release|x64
		{C2043D23-6315-4853-B0B0-819B88470E6F}.Debug|Any CPU.ActiveCfg = Debug|Any CPU
		{C2043D23-6315-4853-B0B0-819B88470E6F}.Debug|Any CPU.Build.0 = Debug|Any CPU
		{C2043D23-6315-4853-B0B0-819B88470E6F}.Debug|Mixed Platforms.ActiveCfg = Debug|Any CPU
		{C2043D23-6315-4853-B0B0-819B88470E6F}.Debug|Mixed Platforms.Build.0 = Debug|Any CPU
		{C2043D23-6315-4853-B0B0-819B88470E6F}.Debug|x64.ActiveCfg = Debug|Any CPU
		{C2043D23-6315-4853-B0B0-819B88470E6F}.Debug|x64.Build.0 = Debug|Any CPU
		{C2043D23-6315-4853-B0B0-819B88470E6F}.Release|Any CPU.ActiveCfg = Release|Any CPU
		{C2043D23-6315-4853-B0B0-819B88470E6F}.Release|Any CPU.Build.0 = Release|Any CPU
		{C2043D23-6315-4853-B0B0-819B88470E6F}.Release|Mixed Platforms.ActiveCfg = Release|Any CPU
		{C2043D23-6315-4853-B0B0-819B88470E6F}.Release|Mixed Platforms.Build.0 = Release|Any CPU
		{C2043D23-6315-4853-B0B0-819B88470E6F}.Release|x64.ActiveCfg = Release|Any CPU
		{C2043D23-6315-4853-B0B0-819B88470E6F}.Release|x64.Build.0 = Release|Any CPU
		{C2043D23-6315-4853-B0B0-819B88470E70}.Debug|Any CPU.ActiveCfg = Debug|x64
		{C2043D23-6315-4853-B0B0-819B88470E70}.Debug|Any CPU.Build.0 = Debug|x64
		{C2043D23-6315-4853-B0B0-819B88470E70}.Debug|Mixed Platforms.ActiveCfg = Debug|x64
		{C2043D23-6315-4853-B0B0-819B88470E70}.Debug|Mixed Platforms.Build.0 = Debug|x64
		{C2043D23-6315-4853-B0B0-819B88470E70}.Debug|x64.ActiveCfg = Debug|x64
		{C2043D23-6315-4853-B0B0-819B88470E70}.Debug|x64.Build.0 = Debug|x64
		{C2043D23-6315-4853-B0B0-819B88470E70}.Release|Any CPU.ActiveCfg = Release|x64
		{C2043D23-6315-4853-B0B0-819B88470E70}.Release|Any CPU.Build.0 = Release|x64
		{C2043D23-6315-4853-B0B0-819B88470E70}.Release|Mixed Platforms.ActiveCfg = Release|x64
		{C2043D23-6315-4853-B0B0-819B88470E70}.Release|Mixed Platforms.Build.0 = Release|x64
		{C2043D23-6315-4853-B0B0-819B88470E70}.Release|x64.ActiveCfg = Release|x64
		{C2043D23-6315-4853-B0B0-819B88470E70}.Release|x64.Build.0 = Release|x64
		{C2043D23-6315-4853-B0B0-819B88470E71}.Debug|Any CPU.ActiveCfg = Debug|x64
		{C2043D23-6315-4853-B0B0-819B88470E71}.Debug|Any CPU.Build.0 = Debug|x64
		{C2043D23-6315-4853-B0B0-819B88470E71}.Debug|Mixed Platforms.ActiveCfg = Debug|x64
		{C2043D23-6315-4853-B0B0-819B88470E71}.Debug|Mixed Platforms.Build.0 = Debug|x64
		{C2043D23-6315-4853-B0B0-819B88470E71}.Debug|x64.ActiveCfg = Debug|x64
		{C2043D23-6315-4853-B0B0-819B88470E71}.Debug|x64.Build.0 = Debug|x64
		{C2043D23-6315-4853-B0B0-819B88470E71}.Release|Any CPU.ActiveCfg = Release|x64
		{C2043D23-6315-4853-B0B0-819B88470E71}.Release|Any CPU.Build.0 = Release|x64
		{C2043D23-6315-4853-B0B0-819B88470E71}.Release|Mixed Platforms.ActiveCfg = Release|x64
		{C2043D23-6315-4853-B0B0-819B88470E71}.Release|Mixed Platforms.Build.0 = Release|x64
		{C2043D23-6315-4853-B0B0-819B88470E71}.Release|x64.ActiveCfg = Release|x64
		{C2043D23-6315-4853-B0B0-819B88470E71}.Release|x64.Build.0 = Release|x64
		{C2043D23-6315-4853-B0B0-819B88470E73}.Debug|Any CPU.ActiveCfg = Debug|x64
		{C2043D23-6315-4853-B0B0-819B88470E73}.Debug|Any CPU.Build.0 = Debug|x64
		{C2043D23-6315-4853-B0B0-819B88470E73}.Debug|Mixed Platforms.ActiveCfg = Debug|x64
		{C2043D23-6315-4853-B0B0-819B88470E73}.Debug|Mixed Platforms.Build.0 = Debug|x64
		{C2043D23-6315-4853-B0B0-819B88470E73}.Debug|x64.ActiveCfg = Debug|x64
		{C2043D23-6315-4853-B0B0-819B88470E73}.Debug|x64.Build.0 = Debug|x64
		{C2043D23-6315-4853-B0B0-819B88470E73}.Release|Any CPU.ActiveCfg = Release|x64
		{C2043D23-6315-4853-B0B0-819B88470E73}.Release|Any CPU.Build.0 = Release|x64
		{C2043D23-6315-4853-B0B0-819B88470E73}.Release|Mixed Platforms.ActiveCfg = Release|x64
		{C2043D23-6315-4853-B0B0-819B88470E73}.Release|Mixed Platforms.Build.0 = Release|x64
		{C2043D23-6315-4853-B0B0-819B88470E73}.Release|x64.ActiveCfg = Release|x64
		{C2043D23-6315-4853-B0B0-819B88470E73}.Release|x64.Build.0 = Release|x64
		{C2043D23-6315-4853-B0B0-819B88470E72}.Debug|Any CPU.ActiveCfg = Debug|x64
		{C2043D23-6315-4853-B0B0-819B88470E72}.Debug|Any CPU.Build.0 = Debug|x64
		{C2043D23-6315-4853-B0B0-819B88470E72}.Debug|Mixed Platforms.ActiveCfg = Debug|x64
		{C2043D23-6315-4853-B0B0-819B88470E72}.Debug|Mixed Platforms.Build.0 = Debug|x64
		{C2043D23-6315-4853-B0B0-819B88470E72}.Debug|x64.ActiveCfg = Debug|x64
		{C2043D23-6315-4853-B0B0-819B88470E72}.Debug|x64.Build.0 = Debug|x64
		{C2043D23-6315-4853-B0B0-819B88470E72}.Release|Any CPU.ActiveCfg = Release|x64
		{C2043D23-6315-4853-B0B0-819B88470E72}.Release|Any CPU.Build.0 = Release|x64
		{C2043D23-6315-4853-B0B0-819B88470E72}.Release|Mixed Platforms.ActiveCfg = Release|x64
		{C2043D23-6315-4853-B0B0-819B88470E72}.Release|Mixed Platforms.Build.0 = Release|x64
		{C2043D23-6315-4853-B0B0-819B88470E72}.Release|x64.ActiveCfg = Release|x64
		{C2043D23-6315-4853-B0B0-819B88470E72}.Release|x64.Build.0 = Release|x64
		{C2043D23-6315-4853-B0B0-819B88470E75}.Debug|Any CPU.ActiveCfg = Debug|x64
		{C2043D23-6315-4853-B0B0-819B88470E75}.Debug|Any CPU.Build.0 = Debug|x64
		{C2043D23-6315-4853-B0B0-819B88470E75}.Debug|Mixed Platforms.ActiveCfg = Debug|x64
		{C2043D23-6315-4853-B0B0-819B88470E75}.Debug|Mixed Platforms.Build.0 = Debug|x64
		{C2043D23-6315-4853-B0B0-819B88470E75}.Debug|x64.ActiveCfg = Debug|x64
		{C2043D23-6315-4853-B0B0-819B88470E75}.Debug|x64.Build.0 = Debug|x64
		{C2043D23-6315-4853-B0B0-819B88470E75}.Release|Any CPU.ActiveCfg = Release|x64
		{C2043D23-6315-4853-B0B0-819B88470E75}.Release|Any CPU.Build.0 = Release|x64
		{C2043D23-6315-4853-B0B0-819B88470E75}.Release|Mixed Platforms.ActiveCfg = Release|x64
		{C2043D23-6315-4853-B0B0-819B88470E75}.Release|Mixed Platforms.Build.0 = Release|x64
		{C2043D23-6315-4853-B0B0-819B88470E75}.Release|x64.ActiveCfg = Release|x64
		{C2043D23-6315-4853-B0B0-819B88470E75}.Release|x64.Build.0 = Release|x64
		{C2043D23-6315-4853-B0B0-819B88470E74}.Debug|Any CPU.ActiveCfg = Debug|x64
		{C2043D23-6315-4853-B0B0-819B88470E74}.Debug|Any CPU.Build.0 = Debug|x64
		{C2043D23-6315-4853-B0B0-819B88470E74}.Debug|Mixed Platforms.ActiveCfg = Debug|x64
		{C2043D23-6315-4853-B0B0-819B88470E74}.Debug|Mixed Platforms.Build.0 = Debug|x64
		{C2043D23-6315-4853-B0B0-819B88470E74}.Debug|x64.ActiveCfg = Debug|x64
		{C2043D23-6315-4853-B0B0-819B88470E74}.Debug|x64.Build.0 = Debug|x64
		{C2043D23-6315-4853-B0B0-819B88470E74}.Release|Any CPU.ActiveCfg = Release|x64
		{C2043D23-6315-4853-B0B0-819B88470E74}.Release|Any CPU.Build.0 = Release|x64
		{C2043D23-6315-4853-B0B0-819B88470E74}.Release|Mixed Platforms.ActiveCfg = Release|x64
		{C2043D23-6315-4853-B0B0-819B88470E74}.Release|Mixed Platforms.Build.0 = Release|x64
		{C2043D23-6315-4853-B0B0-819B88470E74}.Release|x64.ActiveCfg = Release|x64
		{C2043D23-6315-4853-B0B0-819B88470E74}.Release|x64.Build.0 = Release|x64
		{C2043D23-6315-4853-B0B0-819B88470E76}.Debug|Any CPU.ActiveCfg = Debug|x64
		{C2043D23-6315-4853-B0B0-819B88470E76}.Debug|Any CPU.Build.0 = Debug|x64
		{C2043D23-6315-4853-B0B0-819B88470E76}.Debug|Mixed Platforms.ActiveCfg = Debug|x64
		{C2043D23-6315-4853-B0B0-819B88470E76}.Debug|Mixed Platforms.Build.0 = Debug|x64
		{C2043D23-6315-4853-B0B0-819B88470E76}.Debug|x64.ActiveCfg = Debug|x64
		{C2043D23-6315-4853-B0B0-819B88470E76}.Debug|x64.Build.0 = Debug|x64
		{C2043D23-6315-4853-B0B0-819B88470E76}.Release|Any CPU.ActiveCfg = Release|x64
		{C2043D23-6315-4853-B0B0-819B88470E76}.Release|Any CPU.Build.0 = Release|x64
		{C2043D23-6315-4853-B0B0-819B88470E76}.Release|Mixed Platforms.ActiveCfg = Release|x64
		{C2043D23-6315-4853-B0B0-819B88470E76}.Release|Mixed Platforms.Build.0 = Release|x64
		{C2043D23-6315-4853-B0B0-819B88470E76}.Release|x64.ActiveCfg = Release|x64
		{C2043D23-6315-4853-B0B0-819B88470E76}.Release|x64.Build.0 = Release|x64
		{C2043D23-6315-4853-B0B0-819B88470E77}.Debug|Any CPU.ActiveCfg = Debug|x64
		{C2043D23-6315-4853-B0B0-819B88470E77}.Debug|Any CPU.Build.0 = Debug|x64
		{C2043D23-6315-4853-B0B0-819B88470E77}.Debug|Mixed Platforms.ActiveCfg = Debug|x64
		{C2043D23-6315-4853-B0B0-819B88470E77}.Debug|Mixed Platforms.Build.0 = Debug|x64
		{C2043D23-6315-4853-B0B0-819B88470E77}.Debug|x64.ActiveCfg = Debug|x64
		{C2043D23-6315-4853-B0B0-819B88470E77}.Debug|x64.Build.0 = Debug|x64
		{C2043D23-6315-4853-B0B0-819B88470E77}.Release|Any CPU.ActiveCfg = Release|x64
		{C2043D23-6315-4853-B0B0-819B88470E77}.Release|Any CPU.Build.0 = Release|x64
		{C2043D23-6315-4853-B0B0-819B88470E77}.Release|Mixed Platforms.ActiveCfg = Release|x64
		{C2043D23-6315-4853-B0B0-819B88470E77}.Release|Mixed Platforms.Build.0 = Release|x64
		{C2043D23-6315-4853-B0B0-819B88470E77}.Release|x64.ActiveCfg = Release|x64
		{C2043D23-6315-4853-B0B0-819B88470E77}.Release|x64.Build.0 = Release|x64
		{C2043D23-6315-4853-B0B0-819B88470E78}.Debug|Any CPU.ActiveCfg = Debug|x64
		{C2043D23-6315-4853-B0B0-819B88470E78}.Debug|Any CPU.Build.0 = Debug|x64
		{C2043D23-6315-4853-B0B0-819B88470E78}.Debug|Mixed Platforms.ActiveCfg = Debug|x64
		{C2043D23-6315-4853-B0B0-819B88470E78}.Debug|Mixed Platforms.Build.0 = Debug|x64
		{C2043D23-6315-4853-B0B0-819B88470E78}.Debug|x64.ActiveCfg = Debug|x64
		{C2043D23-6315-4853-B0B0-819B88470E78}.Debug|x64.Build.0 = Debug|x64
		{C2043D23-6315-4853-B0B0-819B88470E78}.Release|Any CPU.ActiveCfg = Release|x64
		{C2043D23-6315-4853-B0B0-819B88470E78}.Release|Any CPU.Build.0 = Release|x64
		{C2043D23-6315-4853-B0B0-819B88470E78}.Release|Mixed Platforms.ActiveCfg = Release|x64
		{C2043D23-6315-4853-B0B0-819B88470E78}.Release|Mixed Platforms.Build.0 = Release|x64
		{C2043D23-6315-4853-B0B0-819B88470E78}.Release|x64.ActiveCfg = Release|x64
		{C2043D23-6315-4853-B0B0-819B88470E78}.Release|x64.Build.0 = Release|x64
		{C2043D23-6315-4853-B0B0-819B88470E79}.Debug|Any CPU.ActiveCfg = Debug|x64
		{C2043D23-6315-4853-B0B0-819B88470E79}.Debug|Any CPU.Build.0 = Debug|x64
		{C2043D23-6315-4853-B0B0-819B88470E79}.Debug|Mixed Platforms.ActiveCfg = Debug|x64
		{C2043D23-6315-4853-B0B0-819B88470E79}.Debug|Mixed Platforms.Build.0 = Debug|x64
		{C2043D23-6315-4853-B0B0-819B88470E79}.Debug|x64.ActiveCfg = Debug|x64
		{C2043D23-6315-4853-B0B0-819B88470E79}.Debug|x64.Build.0 = Debug|x64
		{C2043D23-6315-4853-B0B0-819B88470E79}.Release|Any CPU.ActiveCfg = Release|x64
		{C2043D23-6315-4853-B0B0-819B88470E79}.Release|Any CPU.Build.0 = Release|x64
		{C2043D23-6315-4853-B0B0-819B88470E79}.Release|Mixed Platforms.ActiveCfg = Release|x64
		{C2043D23-6315-4853-B0B0-819B88470E79}.Release|Mixed Platforms.Build.0 = Release|x64
		{C2043D23-6315-4853-B0B0-819B88470E79}.Release|x64.ActiveCfg = Release|x64
		{C2043D23-6315-4853-B0B0-819B88470E79}.Release|x64.Build.0 = Release|x64
		{C2043D23-6315-4853-B0B0-819B88470E7A}.Debug|Any CPU.ActiveCfg = Debug|x64
		{C2043D23-6315-4853-B0B0-819B88470E7A}.Debug|Any CPU.Build.0 = Debug|x64
		{C2043D23-6315-4853-B0B0-819B88470E7A}.Debug|Mixed Platforms.ActiveCfg = Debug|x64
		{C2043D23-6315-4853-B0B0-819B88470E7A}.Debug|Mixed Platforms.Build.0 = Debug|x64
		{C2043D23-6315-4853-B0B0-819B88470E7A}.Debug|x64.ActiveCfg = Debug|x64
		{C2043D23-6315-4853-B0B0-819B88470E7A}.Debug|x64.Build.0 = Debug|x64
		{C2043D23-6315-4853-B0B0-819B88470E7A}.Release|Any CPU.ActiveCfg = Release|x64
		{C2043D23-6315-4853-B0B0-819B88470E7A}.Release|Any CPU.Build.0 = Release|x64
		{C2043D23-6315-4853-B0B0-819B88470E7A}.Release|Mixed Platforms.ActiveCfg = Release|x64
		{C2043D23-6315-4853-B0B0-819B88470E7A}.Release|Mixed Platforms.Build.0 = Release|x64
		{C2043D23-6315-4853-B0B0-819B88470E7A}.Release|x64.ActiveCfg = Release|x64
		{C2043D23-6315-4853-B0B0-819B88470E7A}.Release|x64.Build.0 = Release|x64
		{C2043D23-6315-4853-B0B0-819B88470E7B}.Debug|Any CPU.ActiveCfg = Debug|x64
		{C2043D23-6315-4853-B0B0-819B88470E7B}.Debug|Any CPU.Build.0 = Debug|x64
		{C2043D23-6315-4853-B0B0-819B88470E7B}.Debug|Mixed Platforms.ActiveCfg = Debug|x64
		{C2043D23-6315-4853-B0B0-819B88470E7B}.Debug|Mixed Platforms.Build.0 = Debug|x64
		{C2043D23-6315-4853-B0B0-819B88470E7B}.Debug|x64.ActiveCfg = Debug|x64
		{C2043D23-6315-4853-B0B0-819B88470E7B}.Debug|x64.Build.0 = Debug|x64
		{C2043D23-6315-4853-B0B0-819B88470E7B}.Release|Any CPU.ActiveCfg = Release|x64
		{C2043D23-6315-4853-B0B0-819B88470E7B}.Release|Any CPU.Build.0 = Release|x64
		{C2043D23-6315-4853-B0B0-819B88470E7B}.Release|Mixed Platforms.ActiveCfg = Release|x64
		{C2043D23-6315-4853-B0B0-819B88470E7B}.Release|Mixed Platforms.Build.0 = Release|x64
		{C2043D23-6315-4853-B0B0-819B88470E7B}.Release|x64.ActiveCfg = Release|x64
		{C2043D23-6315-4853-B0B0-819B88470E7B}.Release|x64.Build.0 = Release|x64
		{C2043D23-6315-4853-B0B0-819B88470E7C}.Debug|Any CPU.ActiveCfg = Debug|x64
		{C2043D23-6315-4853-B0B0-819B88470E7C}.Debug|Any CPU.Build.0 = Debug|x64
		{C2043D23-6315-4853-B0B0-819B88470E7C}.Debug|Mixed Platforms.ActiveCfg = Debug|x64
		{C2043D23-6315-4853-B0B0-819B88470E7C}.Debug|Mixed Platforms.Build.0 = Debug|x64
		{C2043D23-6315-4853-B0B0-819B88470E7C}.Debug|x64.ActiveCfg = Debug|x64
		{C2043D23-6315-4853-B0B0-819B88470E7C}.Debug|x64.Build.0 = Debug|x64
		{C2043D23-6315-4853-B0B0-819B88470E7C}.Release|Any CPU.ActiveCfg = Release|x64
		{C2043D23-6315-4853-B0B0-819B88470E7C}.Release|Any CPU.Build.0 = Release|x64
		{C2043D23-6315-4853-B0B0-819B88470E7C}.Release|Mixed Platforms.ActiveCfg = Release|x64
		{C2043D23-6315-4853-B0B0-819B88470E7C}.Release|Mixed Platforms.Build.0 = Release|x64
		{C2043D23-6315-4853-B0B0-819B88470E7C}.Release|x64.ActiveCfg = Release|x64
		{C2043D23-6315-4853-B0B0-819B88470E7C}.Release|x64.Build.0 = Release|x64
		{C2043D23-6315-4853-B0B0-819B88470E7D}.Debug|Any CPU.ActiveCfg = Debug|x64
		{C2043D23-6315-4853-B0B0-819B88470E7D}.Debug|Any CPU.Build.0 = Debug|x64
		{C2043D23-6315-4853-B0B0-819B88470E7D}.Debug|Mixed Platforms.ActiveCfg = Debug|x64
		{C2043D23-6315-4853-B0B0-819B88470E7D}.Debug|Mixed Platforms.Build.0 = Debug|x64
		{C2043D23-6315-4853-B0B0-819B88470E7D}.Debug|x64.ActiveCfg = Debug|x64
		{C2043D23-6315-4853-B0B0-819B88470E7D}.Debug|x64.Build.0 = Debug|x64
		{C2043D23-6315-4853-B0B0-819B88470E7D}.Release|Any CPU.ActiveCfg = Release|x64
		{C2043D23-6315-4853-B0B0-819B88470E7D}.Release|Any CPU.Build.0 = Release|x64
		{C2043D23-6315-4853-B0B0-819B88470E7D}.Release|Mixed Platforms.ActiveCfg = Release|x64
		{C2043D23-6315-4853-B0B0-819B88470E7D}.Release|Mixed Platforms.Build.0 = Release|x64
		{C2043D23-6315-4853-B0B0-819B88470E7D}.Release|x64.ActiveCfg = Release|x64
		{C2043D23-6315-4853-B0B0-819B88470E7D}.Release|x64.Build.0 = Release|x64
		{C2043D23-6315-4853-B0B0-819B88470E7F}.Debug|Any CPU.ActiveCfg = Debug|x64
		{C2043D23-6315-4853-B0B0-819B88470E7F}.Debug|Any CPU.Build.0 = Debug|x64
		{C2043D23-6315-4853-B0B0-819B88470E7F}.Debug|Mixed Platforms.ActiveCfg = Debug|x64
		{C2043D23-6315-4853-B0B0-819B88470E7F}.Debug|Mixed Platforms.Build.0 = Debug|x64
		{C2043D23-6315-4853-B0B0-819B88470E7F}.Debug|x64.ActiveCfg = Debug|x64
		{C2043D23-6315-4853-B0B0-819B88470E7F}.Debug|x64.Build.0 = Debug|x64
		{C2043D23-6315-4853-B0B0-819B88470E7F}.Release|Any CPU.ActiveCfg = Release|x64
		{C2043D23-6315-4853-B0B0-819B88470E7F}.Release|Any CPU.Build.0 = Release|x64
		{C2043D23-6315-4853-B0B0-819B88470E7F}.Release|Mixed Platforms.ActiveCfg = Release|x64
		{C2043D23-6315-4853-B0B0-819B88470E7F}.Release|Mixed Platforms.Build.0 = Release|x64
		{C2043D23-6315-4853-B0B0-819B88470E7F}.Release|x64.ActiveCfg = Release|x64
		{C2043D23-6315-4853-B0B0-819B88470E7F}.Release|x64.Build.0 = Release|x64
		{C2043D23-6315-4853-B0B0-819B88470E7E}.Debug|Any CPU.ActiveCfg = Debug|x64
		{C2043D23-6315-4853-B0B0-819B88470E7E}.Debug|Any CPU.Build.0 = Debug|x64
		{C2043D23-6315-4853-B0B0-819B88470E7E}.Debug|Mixed Platforms.ActiveCfg = Debug|x64
		{C2043D23-6315-4853-B0B0-819B88470E7E}.Debug|Mixed Platforms.Build.0 = Debug|x64
		{C2043D23-6315-4853-B0B0-819B88470E7E}.Debug|x64.ActiveCfg = Debug|x64
		{C2043D23-6315-4853-B0B0-819B88470E7E}.Debug|x64.Build.0 = Debug|x64
		{C2043D23-6315-4853-B0B0-819B88470E7E}.Release|Any CPU.ActiveCfg = Release|x64
		{C2043D23-6315-4853-B0B0-819B88470E7E}.Release|Any CPU.Build.0 = Release|x64
		{C2043D23-6315-4853-B0B0-819B88470E7E}.Release|Mixed Platforms.ActiveCfg = Release|x64
		{C2043D23-6315-4853-B0B0-819B88470E7E}.Release|Mixed Platforms.Build.0 = Release|x64
		{C2043D23-6315-4853-B0B0-819B88470E7E}.Release|x64.ActiveCfg = Release|x64
		{C2043D23-6315-4853-B0B0-819B88470E7E}.Release|x64.Build.0 = Release|x64
		{C2043D23-6315-4853-B0B0-819B88470E80}.Debug|Any CPU.ActiveCfg = Debug|x64
		{C2043D23-6315-4853-B0B0-819B88470E80}.Debug|Any CPU.Build.0 = Debug|x64
		{C2043D23-6315-4853-B0B0-819B88470E80}.Debug|Mixed Platforms.ActiveCfg = Debug|x64
		{C2043D23-6315-4853-B0B0-819B88470E80}.Debug|Mixed Platforms.Build.0 = Debug|x64
		{C2043D23-6315-4853-B0B0-819B88470E80}.Debug|x64.ActiveCfg = Debug|x64
		{C2043D23-6315-4853-B0B0-819B88470E80}.Debug|x64.Build.0 = Debug|x64
		{C2043D23-6315-4853-B0B0-819B88470E80}.Release|Any CPU.ActiveCfg = Release|x64
		{C2043D23-6315-4853-B0B0-819B88470E80}.Release|Any CPU.Build.0 = Release|x64
		{C2043D23-6315-4853-B0B0-819B88470E80}.Release|Mixed Platforms.ActiveCfg = Release|x64
		{C2043D23-6315-4853-B0B0-819B88470E80}.Release|Mixed Platforms.Build.0 = Release|x64
		{C2043D23-6315-4853-B0B0-819B88470E80}.Release|x64.ActiveCfg = Release|x64
		{C2043D23-6315-4853-B0B0-819B88470E80}.Release|x64.Build.0 = Release|x64
		{C2043D23-6315-4853-B0B0-819B88470E81}.Debug|Any CPU.ActiveCfg = Debug|x64
		{C2043D23-6315-4853-B0B0-819B88470E81}.Debug|Any CPU.Build.0 = Debug|x64
		{C2043D23-6315-4853-B0B0-819B88470E81}.Debug|Mixed Platforms.ActiveCfg = Debug|x64
		{C2043D23-6315-4853-B0B0-819B88470E81}.Debug|Mixed Platforms.Build.0 = Debug|x64
		{C2043D23-6315-4853-B0B0-819B88470E81}.Debug|x64.ActiveCfg = Debug|x64
		{C2043D23-6315-4853-B0B0-819B88470E81}.Debug|x64.Build.0 = Debug|x64
		{C2043D23-6315-4853-B0B0-819B88470E81}.Release|Any CPU.ActiveCfg = Release|x64
		{C2043D23-6315-4853-B0B0-819B88470E81}.Release|Any CPU.Build.0 = Release|x64
		{C2043D23-6315-4853-B0B0-819B88470E81}.Release|Mixed Platforms.ActiveCfg = Release|x64
		{C2043D23-6315-4853-B0B0-819B88470E81}.Release|Mixed Platforms.Build.0 = Release|x64
		{C2043D23-6315-4853-B0B0-819B88470E81}.Release|x64.ActiveCfg = Release|x64
		{C2043D23-6315-4853-B0B0-819B88470E81}.Release|x64.Build.0 = Release|x64
		{C2043D23-6315-4853-B0B0-819B88470E83}.Debug|Any CPU.ActiveCfg = Debug|x64
		{C2043D23-6315-4853-B0B0-819B88470E83}.Debug|Any CPU.Build.0 = Debug|x64
		{C2043D23-6315-4853-B0B0-819B88470E83}.Debug|Mixed Platforms.ActiveCfg = Debug|x64
		{C2043D23-6315-4853-B0B0-819B88470E83}.Debug|Mixed Platforms.Build.0 = Debug|x64
		{C2043D23-6315-4853-B0B0-819B88470E83}.Debug|x64.ActiveCfg = Debug|x64
		{C2043D23-6315-4853-B0B0-819B88470E83}.Debug|x64.Build.0 = Debug|x64
		{C2043D23-6315-4853-B0B0-819B88470E83}.Release|Any CPU.ActiveCfg = Release|x64
		{C2043D23-6315-4853-B0B0-819B88470E83}.Release|Any CPU.Build.0 = Release|x64
		{C2043D23-6315-4853-B0B0-819B88470E83}.Release|Mixed Platforms.ActiveCfg = Release|x64
		{C2043D23-6315-4853-B0B0-819B88470E83}.Release|Mixed Platforms.Build.0 = Release|x64
		{C2043D23-6315-4853-B0B0-819B88470E83}.Release|x64.ActiveCfg = Release|x64
		{C2043D23-6315-4853-B0B0-819B88470E83}.Release|x64.Build.0 = Release|x64
		{C2043D23-6315-4853-B0B0-819B88470E84}.Debug|Any CPU.ActiveCfg = Debug|x64
		{C2043D23-6315-4853-B0B0-819B88470E84}.Debug|Any CPU.Build.0 = Debug|x64
		{C2043D23-6315-4853-B0B0-819B88470E84}.Debug|Mixed Platforms.ActiveCfg = Debug|x64
		{C2043D23-6315-4853-B0B0-819B88470E84}.Debug|Mixed Platforms.Build.0 = Debug|x64
		{C2043D23-6315-4853-B0B0-819B88470E84}.Debug|x64.ActiveCfg = Debug|x64
		{C2043D23-6315-4853-B0B0-819B88470E84}.Debug|x64.Build.0 = Debug|x64
		{C2043D23-6315-4853-B0B0-819B88470E84}.Release|Any CPU.ActiveCfg = Release|x64
		{C2043D23-6315-4853-B0B0-819B88470E84}.Release|Any CPU.Build.0 = Release|x64
		{C2043D23-6315-4853-B0B0-819B88470E84}.Release|Mixed Platforms.ActiveCfg = Release|x64
		{C2043D23-6315-4853-B0B0-819B88470E84}.Release|Mixed Platforms.Build.0 = Release|x64
		{C2043D23-6315-4853-B0B0-819B88470E84}.Release|x64.ActiveCfg = Release|x64
		{C2043D23-6315-4853-B0B0-819B88470E84}.Release|x64.Build.0 = Release|x64
		{C2043D23-6315-4853-B0B0-819B88470E82}.Debug|Any CPU.ActiveCfg = Debug|x64
		{C2043D23-6315-4853-B0B0-819B88470E82}.Debug|Any CPU.Build.0 = Debug|x64
		{C2043D23-6315-4853-B0B0-819B88470E82}.Debug|Mixed Platforms.ActiveCfg = Debug|x64
		{C2043D23-6315-4853-B0B0-819B88470E82}.Debug|Mixed Platforms.Build.0 = Debug|x64
		{C2043D23-6315-4853-B0B0-819B88470E82}.Debug|x64.ActiveCfg = Debug|x64
		{C2043D23-6315-4853-B0B0-819B88470E82}.Debug|x64.Build.0 = Debug|x64
		{C2043D23-6315-4853-B0B0-819B88470E82}.Release|Any CPU.ActiveCfg = Release|x64
		{C2043D23-6315-4853-B0B0-819B88470E82}.Release|Any CPU.Build.0 = Release|x64
		{C2043D23-6315-4853-B0B0-819B88470E82}.Release|Mixed Platforms.ActiveCfg = Release|x64
		{C2043D23-6315-4853-B0B0-819B88470E82}.Release|Mixed Platforms.Build.0 = Release|x64
		{C2043D23-6315-4853-B0B0-819B88470E82}.Release|x64.ActiveCfg = Release|x64
		{C2043D23-6315-4853-B0B0-819B88470E82}.Release|x64.Build.0 = Release|x64
		{C2043D23-6315-4853-B0B0-819B88470E85}.Debug|Any CPU.ActiveCfg = Debug|x64
		{C2043D23-6315-4853-B0B0-819B88470E85}.Debug|Any CPU.Build.0 = Debug|x64
		{C2043D23-6315-4853-B0B0-819B88470E85}.Debug|Mixed Platforms.ActiveCfg = Debug|x64
		{C2043D23-6315-4853-B0B0-819B88470E85}.Debug|Mixed Platforms.Build.0 = Debug|x64
		{C2043D23-6315-4853-B0B0-819B88470E85}.Debug|x64.ActiveCfg = Debug|x64
		{C2043D23-6315-4853-B0B0-819B88470E85}.Debug|x64.Build.0 = Debug|x64
		{C2043D23-6315-4853-B0B0-819B88470E85}.Release|Any CPU.ActiveCfg = Release|x64
		{C2043D23-6315-4853-B0B0-819B88470E85}.Release|Any CPU.Build.0 = Release|x64
		{C2043D23-6315-4853-B0B0-819B88470E85}.Release|Mixed Platforms.ActiveCfg = Release|x64
		{C2043D23-6315-4853-B0B0-819B88470E85}.Release|Mixed Platforms.Build.0 = Release|x64
		{C2043D23-6315-4853-B0B0-819B88470E85}.Release|x64.ActiveCfg = Release|x64
		{C2043D23-6315-4853-B0B0-819B88470E85}.Release|x64.Build.0 = Release|x64
		{C2043D23-6315-4853-B0B0-819B88470E86}.Debug|Any CPU.ActiveCfg = Debug|x64
		{C2043D23-6315-4853-B0B0-819B88470E86}.Debug|Any CPU.Build.0 = Debug|x64
		{C2043D23-6315-4853-B0B0-819B88470E86}.Debug|Mixed Platforms.ActiveCfg = Debug|x64
		{C2043D23-6315-4853-B0B0-819B88470E86}.Debug|Mixed Platforms.Build.0 = Debug|x64
		{C2043D23-6315-4853-B0B0-819B88470E86}.Debug|x64.ActiveCfg = Debug|x64
		{C2043D23-6315-4853-B0B0-819B88470E86}.Debug|x64.Build.0 = Debug|x64
		{C2043D23-6315-4853-B0B0-819B88470E86}.Release|Any CPU.ActiveCfg = Release|x64
		{C2043D23-6315-4853-B0B0-819B88470E86}.Release|Any CPU.Build.0 = Release|x64
		{C2043D23-6315-4853-B0B0-819B88470E86}.Release|Mixed Platforms.ActiveCfg = Release|x64
		{C2043D23-6315-4853-B0B0-819B88470E86}.Release|Mixed Platforms.Build.0 = Release|x64
		{C2043D23-6315-4853-B0B0-819B88470E86}.Release|x64.ActiveCfg = Release|x64
		{C2043D23-6315-4853-B0B0-819B88470E86}.Release|x64.Build.0 = Release|x64
		{C2043D23-6315-4853-B0B0-819B88470E87}.Debug|Any CPU.ActiveCfg = Debug|x64
		{C2043D23-6315-4853-B0B0-819B88470E87}.Debug|Any CPU.Build.0 = Debug|x64
		{C2043D23-6315-4853-B0B0-819B88470E87}.Debug|Mixed Platforms.ActiveCfg = Debug|x64
		{C2043D23-6315-4853-B0B0-819B88470E87}.Debug|Mixed Platforms.Build.0 = Debug|x64
		{C2043D23-6315-4853-B0B0-819B88470E87}.Debug|x64.ActiveCfg = Debug|x64
		{C2043D23-6315-4853-B0B0-819B88470E87}.Debug|x64.Build.0 = Debug|x64
		{C2043D23-6315-4853-B0B0-819B88470E87}.Release|Any CPU.ActiveCfg = Release|x64
		{C2043D23-6315-4853-B0B0-819B88470E87}.Release|Any CPU.Build.0 = Release|x64
		{C2043D23-6315-4853-B0B0-819B88470E87}.Release|Mixed Platforms.ActiveCfg = Release|x64
		{C2043D23-6315-4853-B0B0-819B88470E87}.Release|Mixed Platforms.Build.0 = Release|x64
		{C2043D23-6315-4853-B0B0-819B88470E87}.Release|x64.ActiveCfg = Release|x64
		{C2043D23-6315-4853-B0B0-819B88470E87}.Release|x64.Build.0 = Release|x64
	EndGlobalSection
	GlobalSection(SolutionProperties) = preSolution
		HideSolutionNode = FALSE
	EndGlobalSection
EndGlobal
