Microsoft Visual Studio Solution File, Format Version 12.00
# Visual Studio Version 17
VisualStudioVersion = 17.5.2.0
MinimumVisualStudioVersion = 10.0.40219.1
Project("{FAE04EC0-301F-11D3-BF4B-00C04F79EFBC}") = "NavalDLC", "NavalDLC\NavalDLC.csproj", "{DA1EC951-96F8-B504-144A-D90124A1F91C}"
EndProject
Project("{FAE04EC0-301F-11D3-BF4B-00C04F79EFBC}") = "NavalDLC.CustomBattle", "NavalDLC.CustomBattle\NavalDLC.CustomBattle.csproj", "{5F5FB6AE-4791-4748-87B5-839AAFCA7214}"
EndProject
Project("{FAE04EC0-301F-11D3-BF4B-00C04F79EFBC}") = "NavalDLC.GauntletUI", "NavalDLC.GauntletUI\NavalDLC.GauntletUI.csproj", "{33B685C9-24DA-DCEE-A3E9-70A85346676E}"
EndProject
Project("{FAE04EC0-301F-11D3-BF4B-00C04F79EFBC}") = "NavalDLC.GauntletUI.AutoGenerated", "NavalDLC.GauntletUI.AutoGenerated\NavalDLC.GauntletUI.AutoGenerated.csproj", "{4E3DDD69-658D-2C0A-C639-3CEE435C4FE7}"
EndProject
Project("{FAE04EC0-301F-11D3-BF4B-00C04F79EFBC}") = "NavalDLC.GauntletUI.Widgets", "NavalDLC.GauntletUI.Widgets\NavalDLC.GauntletUI.Widgets.csproj", "{EFE7EF85-9ADC-FDD2-05F5-8FB97768C5B1}"
EndProject
Project("{FAE04EC0-301F-11D3-BF4B-00C04F79EFBC}") = "NavalDLC.View", "NavalDLC.View\NavalDLC.View.csproj", "{5737F2BA-2141-91DE-9362-7BC32AA449E6}"
EndProject
Project("{FAE04EC0-301F-11D3-BF4B-00C04F79EFBC}") = "NavalDLC.ViewModelCollection", "NavalDLC.ViewModelCollection\NavalDLC.ViewModelCollection.csproj", "{864FD641-DA3F-EEC9-665B-0F445FC0A8E0}"
EndProject
Project("{FAE04EC0-301F-11D3-BF4B-00C04F79EFBC}") = "SandBox", "SandBox\SandBox.csproj", "{5EEFF4DA-8AD9-E42C-6F15-4A668E5D6006}"
EndProject
Project("{FAE04EC0-301F-11D3-BF4B-00C04F79EFBC}") = "SandBox.GauntletUI", "SandBox.GauntletUI\SandBox.GauntletUI.csproj", "{8BE53302-AC5C-6E51-D44D-8291657D3F07}"
EndProject
Project("{FAE04EC0-301F-11D3-BF4B-00C04F79EFBC}") = "SandBox.GauntletUI.AutoGenerated.0", "SandBox.GauntletUI.AutoGenerated.0\SandBox.GauntletUI.AutoGenerated.0.csproj", "{9EE9E466-9ED8-9A93-44B2-1DEB07B99783}"
EndProject
Project("{FAE04EC0-301F-11D3-BF4B-00C04F79EFBC}") = "SandBox.GauntletUI.AutoGenerated.1", "SandBox.GauntletUI.AutoGenerated.1\SandBox.GauntletUI.AutoGenerated.1.csproj", "{C13B4F65-8B4D-5EFE-D237-409305CD753B}"
EndProject
Project("{FAE04EC0-301F-11D3-BF4B-00C04F79EFBC}") = "SandBox.View", "SandBox.View\SandBox.View.csproj", "{EB23EA19-5399-1038-8820-8DBC1953299A}"
EndProject
Project("{FAE04EC0-301F-11D3-BF4B-00C04F79EFBC}") = "SandBox.ViewModelCollection", "SandBox.ViewModelCollection\SandBox.ViewModelCollection.csproj", "{6FB5D86F-4065-6EC1-0D7D-49B3DAD8CC90}"
EndProject
Project("{FAE04EC0-301F-11D3-BF4B-00C04F79EFBC}") = "StoryMode", "StoryMode\StoryMode.csproj", "{375C5CF1-369A-1B46-7FBB-E88DD3C163B2}"
EndProject
Project("{FAE04EC0-301F-11D3-BF4B-00C04F79EFBC}") = "StoryMode.GauntletUI", "StoryMode.GauntletUI\StoryMode.GauntletUI.csproj", "{789E679D-1379-C5E5-84F0-1FC538B8F531}"
EndProject
Project("{FAE04EC0-301F-11D3-BF4B-00C04F79EFBC}") = "StoryMode.GauntletUI.AutoGenerated", "StoryMode.GauntletUI.AutoGenerated\StoryMode.GauntletUI.AutoGenerated.csproj", "{9CA3FC3A-792A-87FD-426C-0671ADF481A6}"
EndProject
Project("{FAE04EC0-301F-11D3-BF4B-00C04F79EFBC}") = "StoryMode.View", "StoryMode.View\StoryMode.View.csproj", "{193B68E1-2CB3-0042-7645-4B10EB065606}"
EndProject
Project("{FAE04EC0-301F-11D3-BF4B-00C04F79EFBC}") = "StoryMode.ViewModelCollection", "StoryMode.ViewModelCollection\StoryMode.ViewModelCollection.csproj", "{BE498F70-93A7-D77D-6AC9-40BAB1193008}"
EndProject
Project("{FAE04EC0-301F-11D3-BF4B-00C04F79EFBC}") = "TaleWorlds.AchievementSystem", "TaleWorlds.AchievementSystem\TaleWorlds.AchievementSystem.csproj", "{3B2D0571-90EC-DA49-8E1A-C60A05D47C6D}"
EndProject
Project("{FAE04EC0-301F-11D3-BF4B-00C04F79EFBC}") = "TaleWorlds.ActivitySystem", "TaleWorlds.ActivitySystem\TaleWorlds.ActivitySystem.csproj", "{2B5DBFB6-6B50-9FED-43B5-C27352ABDB17}"
EndProject
Project("{FAE04EC0-301F-11D3-BF4B-00C04F79EFBC}") = "TaleWorlds.CampaignSystem", "TaleWorlds.CampaignSystem\TaleWorlds.CampaignSystem.csproj", "{F743D9D9-13F9-A7E4-5DAB-638E9B966A3A}"
EndProject
Project("{FAE04EC0-301F-11D3-BF4B-00C04F79EFBC}") = "TaleWorlds.CampaignSystem.ViewModelCollection", "TaleWorlds.CampaignSystem.ViewModelCollection\TaleWorlds.CampaignSystem.ViewModelCollection.csproj", "{9A15474C-B50D-3796-7F29-1A1C543B634A}"
EndProject
Project("{FAE04EC0-301F-11D3-BF4B-00C04F79EFBC}") = "TaleWorlds.CampaignSystem.ViewModelCollection.BirthAndDeath", "TaleWorlds.CampaignSystem.ViewModelCollection.BirthAndDeath\TaleWorlds.CampaignSystem.ViewModelCollection.BirthAndDeath.csproj", "{783B474B-3A7F-FA4C-D8C4-BC3E16F0161E}"
EndProject
Project("{FAE04EC0-301F-11D3-BF4B-00C04F79EFBC}") = "TaleWorlds.Core", "TaleWorlds.Core\TaleWorlds.Core.csproj", "{7BEDDB7A-8F60-38A6-03F1-4319CFEEF2F5}"
EndProject
Project("{FAE04EC0-301F-11D3-BF4B-00C04F79EFBC}") = "TaleWorlds.Core.ViewModelCollection", "TaleWorlds.Core.ViewModelCollection\TaleWorlds.Core.ViewModelCollection.csproj", "{FEAF14EB-EE15-EFE4-32B2-E06185EC554A}"
EndProject
Project("{FAE04EC0-301F-11D3-BF4B-00C04F79EFBC}") = "TaleWorlds.Diamond", "TaleWorlds.Diamond\TaleWorlds.Diamond.csproj", "{783FB93B-B376-656E-C646-EE9B18D1B089}"
EndProject
Project("{FAE04EC0-301F-11D3-BF4B-00C04F79EFBC}") = "TaleWorlds.Diamond.AccessProvider.GDK", "TaleWorlds.Diamond.AccessProvider.GDK\TaleWorlds.Diamond.AccessProvider.GDK.csproj", "{33914EB3-915B-E5C2-2DEB-E823512AE50D}"
EndProject
Project("{FAE04EC0-301F-11D3-BF4B-00C04F79EFBC}") = "TaleWorlds.Diamond.AccessProvider.GOG", "TaleWorlds.Diamond.AccessProvider.GOG\TaleWorlds.Diamond.AccessProvider.GOG.csproj", "{37EDE529-0E08-2D57-3BBB-3DF86848B91E}"
EndProject
Project("{FAE04EC0-301F-11D3-BF4B-00C04F79EFBC}") = "TaleWorlds.Diamond.AccessProvider.Steam", "TaleWorlds.Diamond.AccessProvider.Steam\TaleWorlds.Diamond.AccessProvider.Steam.csproj", "{6E95F44E-0AE8-75FF-7B57-6E5E09F991AA}"
EndProject
Project("{FAE04EC0-301F-11D3-BF4B-00C04F79EFBC}") = "TaleWorlds.Diamond.AccessProvider.Test", "TaleWorlds.Diamond.AccessProvider.Test\TaleWorlds.Diamond.AccessProvider.Test.csproj", "{36735FF8-96C3-EEFE-095B-A309FA4E6CBA}"
EndProject
Project("{FAE04EC0-301F-11D3-BF4B-00C04F79EFBC}") = "TaleWorlds.DotNet", "TaleWorlds.DotNet\TaleWorlds.DotNet.csproj", "{75F5931C-A93E-4956-DA69-E894A17063D7}"
EndProject
Project("{FAE04EC0-301F-11D3-BF4B-00C04F79EFBC}") = "TaleWorlds.DotNet.AutoGenerated", "TaleWorlds.DotNet.AutoGenerated\TaleWorlds.DotNet.AutoGenerated.csproj", "{550660EC-BAFC-56B4-0D3F-617896A67434}"
EndProject
Project("{FAE04EC0-301F-11D3-BF4B-00C04F79EFBC}") = "TaleWorlds.Engine", "TaleWorlds.Engine\TaleWorlds.Engine.csproj", "{9B9504CB-3982-1D8B-EF55-02359D6F7FA2}"
EndProject
Project("{FAE04EC0-301F-11D3-BF4B-00C04F79EFBC}") = "TaleWorlds.Engine.AutoGenerated", "TaleWorlds.Engine.AutoGenerated\TaleWorlds.Engine.AutoGenerated.csproj", "{E7FBA7FB-2A5D-1E77-A227-81D8AB0E07DF}"
EndProject
Project("{FAE04EC0-301F-11D3-BF4B-00C04F79EFBC}") = "TaleWorlds.Engine.GauntletUI", "TaleWorlds.Engine.GauntletUI\TaleWorlds.Engine.GauntletUI.csproj", "{8F1E5FF4-271D-4538-8CC5-F1AE3A764626}"
EndProject
Project("{FAE04EC0-301F-11D3-BF4B-00C04F79EFBC}") = "TaleWorlds.GauntletUI", "TaleWorlds.GauntletUI\TaleWorlds.GauntletUI.csproj", "{59F1FF01-1B1D-B989-AC42-219B50F54336}"
EndProject
Project("{FAE04EC0-301F-11D3-BF4B-00C04F79EFBC}") = "TaleWorlds.GauntletUI.CodeGenerator", "TaleWorlds.GauntletUI.CodeGenerator\TaleWorlds.GauntletUI.CodeGenerator.csproj", "{A3337542-BE96-AFE0-EAE3-FFD184A7B485}"
EndProject
Project("{FAE04EC0-301F-11D3-BF4B-00C04F79EFBC}") = "TaleWorlds.GauntletUI.Data", "TaleWorlds.GauntletUI.Data\TaleWorlds.GauntletUI.Data.csproj", "{6917E49B-DE5B-CB30-BBE0-22D9FFA68BFE}"
EndProject
Project("{FAE04EC0-301F-11D3-BF4B-00C04F79EFBC}") = "TaleWorlds.GauntletUI.ExtraWidgets", "TaleWorlds.GauntletUI.ExtraWidgets\TaleWorlds.GauntletUI.ExtraWidgets.csproj", "{3C3327FB-8277-49CF-4307-23E179D812E9}"
EndProject
Project("{FAE04EC0-301F-11D3-BF4B-00C04F79EFBC}") = "TaleWorlds.GauntletUI.PrefabSystem", "TaleWorlds.GauntletUI.PrefabSystem\TaleWorlds.GauntletUI.PrefabSystem.csproj", "{0D1B9E47-CB6B-A628-E0BB-B68AEFF0AA17}"
EndProject
Project("{FAE04EC0-301F-11D3-BF4B-00C04F79EFBC}") = "TaleWorlds.InputSystem", "TaleWorlds.InputSystem\TaleWorlds.InputSystem.csproj", "{42C6FD5C-9C39-EBCB-8819-2FFACEE14C99}"
EndProject
Project("{FAE04EC0-301F-11D3-BF4B-00C04F79EFBC}") = "TaleWorlds.Library", "TaleWorlds.Library\TaleWorlds.Library.csproj", "{40CD939B-D411-5DDC-ABB3-1E55DF8B546B}"
EndProject
Project("{FAE04EC0-301F-11D3-BF4B-00C04F79EFBC}") = "TaleWorlds.LinQuick", "TaleWorlds.LinQuick\TaleWorlds.LinQuick.csproj", "{7E16DCF5-E871-8442-5141-D72DC233F8DE}"
EndProject
Project("{FAE04EC0-301F-11D3-BF4B-00C04F79EFBC}") = "TaleWorlds.Localization", "TaleWorlds.Localization\TaleWorlds.Localization.csproj", "{A51F3E0D-F068-0DF2-1674-71EC0B61094D}"
EndProject
Project("{FAE04EC0-301F-11D3-BF4B-00C04F79EFBC}") = "TaleWorlds.ModuleManager", "TaleWorlds.ModuleManager\TaleWorlds.ModuleManager.csproj", "{9D5F7E15-132F-ABF5-557C-49E5DCB19E1F}"
EndProject
Project("{FAE04EC0-301F-11D3-BF4B-00C04F79EFBC}") = "TaleWorlds.MountAndBlade", "TaleWorlds.MountAndBlade\TaleWorlds.MountAndBlade.csproj", "{0DC54F03-8F1E-0072-67CC-6E840D772709}"
EndProject
Project("{FAE04EC0-301F-11D3-BF4B-00C04F79EFBC}") = "TaleWorlds.MountAndBlade.AutoGenerated", "TaleWorlds.MountAndBlade.AutoGenerated\TaleWorlds.MountAndBlade.AutoGenerated.csproj", "{2C81AF15-3E88-1B9A-2532-620DAF44E31B}"
EndProject
Project("{FAE04EC0-301F-11D3-BF4B-00C04F79EFBC}") = "TaleWorlds.MountAndBlade.CustomBattle", "TaleWorlds.MountAndBlade.CustomBattle\TaleWorlds.MountAndBlade.CustomBattle.csproj", "{1CF01E88-2AC3-5920-40C9-03BC13B61F9E}"
EndProject
Project("{FAE04EC0-301F-11D3-BF4B-00C04F79EFBC}") = "TaleWorlds.MountAndBlade.DedicatedCustomServer.ClientHelper", "TaleWorlds.MountAndBlade.DedicatedCustomServer.ClientHelper\TaleWorlds.MountAndBlade.DedicatedCustomServer.ClientHelper.csproj", "{AC1B4C5F-591E-132C-14A9-5B3D350A1278}"
EndProject
Project("{FAE04EC0-301F-11D3-BF4B-00C04F79EFBC}") = "TaleWorlds.MountAndBlade.Diamond", "TaleWorlds.MountAndBlade.Diamond\TaleWorlds.MountAndBlade.Diamond.csproj", "{D20F257C-158A-9C31-7495-C89DE06FA865}"
EndProject
Project("{FAE04EC0-301F-11D3-BF4B-00C04F79EFBC}") = "TaleWorlds.MountAndBlade.GauntletUI", "TaleWorlds.MountAndBlade.GauntletUI\TaleWorlds.MountAndBlade.GauntletUI.csproj", "{5DBF94EF-5012-4938-B1FE-D6B7F844991A}"
EndProject
Project("{FAE04EC0-301F-11D3-BF4B-00C04F79EFBC}") = "TaleWorlds.MountAndBlade.GauntletUI.AutoGenerated.0", "TaleWorlds.MountAndBlade.GauntletUI.AutoGenerated.0\TaleWorlds.MountAndBlade.GauntletUI.AutoGenerated.0.csproj", "{12FAC471-82C9-470B-83CD-5B412E81EAB0}"
EndProject
Project("{FAE04EC0-301F-11D3-BF4B-00C04F79EFBC}") = "TaleWorlds.MountAndBlade.GauntletUI.AutoGenerated.1", "TaleWorlds.MountAndBlade.GauntletUI.AutoGenerated.1\TaleWorlds.MountAndBlade.GauntletUI.AutoGenerated.1.csproj", "{E41A89BC-323B-BEE0-0BBE-2A9F84387366}"
EndProject
Project("{FAE04EC0-301F-11D3-BF4B-00C04F79EFBC}") = "TaleWorlds.MountAndBlade.GauntletUI.Widgets", "TaleWorlds.MountAndBlade.GauntletUI.Widgets\TaleWorlds.MountAndBlade.GauntletUI.Widgets.csproj", "{7409FB37-35AE-7B61-B05F-649BB1C7DBBC}"
EndProject
Project("{FAE04EC0-301F-11D3-BF4B-00C04F79EFBC}") = "TaleWorlds.MountAndBlade.Helpers", "TaleWorlds.MountAndBlade.Helpers\TaleWorlds.MountAndBlade.Helpers.csproj", "{9E040341-9719-83B9-ED1D-EFE98FF2D05C}"
EndProject
Project("{FAE04EC0-301F-11D3-BF4B-00C04F79EFBC}") = "TaleWorlds.MountAndBlade.Launcher.Library", "TaleWorlds.MountAndBlade.Launcher.Library\TaleWorlds.MountAndBlade.Launcher.Library.csproj", "{D7CB7BA3-B4FA-C005-B556-FEAF17F38226}"
EndProject
Project("{FAE04EC0-301F-11D3-BF4B-00C04F79EFBC}") = "TaleWorlds.MountAndBlade.Launcher.Steam", "TaleWorlds.MountAndBlade.Launcher.Steam\TaleWorlds.MountAndBlade.Launcher.Steam.csproj", "{DB61D2C6-4279-A562-81F9-9239A9122C4B}"
EndProject
Project("{FAE04EC0-301F-11D3-BF4B-00C04F79EFBC}") = "TaleWorlds.MountAndBlade.Multiplayer", "TaleWorlds.MountAndBlade.Multiplayer\TaleWorlds.MountAndBlade.Multiplayer.csproj", "{773705DB-87D8-B79D-03FD-74ADD6524DBC}"
EndProject
Project("{FAE04EC0-301F-11D3-BF4B-00C04F79EFBC}") = "TaleWorlds.MountAndBlade.Multiplayer.GauntletUI", "TaleWorlds.MountAndBlade.Multiplayer.GauntletUI\TaleWorlds.MountAndBlade.Multiplayer.GauntletUI.csproj", "{35047BEE-1BE6-1321-96C8-6AB383E9165D}"
EndProject
Project("{FAE04EC0-301F-11D3-BF4B-00C04F79EFBC}") = "TaleWorlds.MountAndBlade.Multiplayer.GauntletUI.AutoGenerated", "TaleWorlds.MountAndBlade.Multiplayer.GauntletUI.AutoGenerated\TaleWorlds.MountAndBlade.Multiplayer.GauntletUI.AutoGenerated.csproj", "{F450FE78-9D70-A9CC-EF1B-C3F3C8E33BBF}"
EndProject
Project("{FAE04EC0-301F-11D3-BF4B-00C04F79EFBC}") = "TaleWorlds.MountAndBlade.Multiplayer.Test", "TaleWorlds.MountAndBlade.Multiplayer.Test\TaleWorlds.MountAndBlade.Multiplayer.Test.csproj", "{7ADFAD8C-E1B9-FCA4-BA5F-A8CA729B5BD8}"
EndProject
Project("{FAE04EC0-301F-11D3-BF4B-00C04F79EFBC}") = "TaleWorlds.MountAndBlade.Multiplayer.View", "TaleWorlds.MountAndBlade.Multiplayer.View\TaleWorlds.MountAndBlade.Multiplayer.View.csproj", "{CFED9580-A566-DA53-B682-E5C46EE218D9}"
EndProject
Project("{FAE04EC0-301F-11D3-BF4B-00C04F79EFBC}") = "TaleWorlds.MountAndBlade.Multiplayer.ViewModelCollection", "TaleWorlds.MountAndBlade.Multiplayer.ViewModelCollection\TaleWorlds.MountAndBlade.Multiplayer.ViewModelCollection.csproj", "{D5B3E34B-A672-7798-F308-B2EDDB318C66}"
EndProject
Project("{FAE04EC0-301F-11D3-BF4B-00C04F79EFBC}") = "TaleWorlds.MountAndBlade.Platform.PC", "TaleWorlds.MountAndBlade.Platform.PC\TaleWorlds.MountAndBlade.Platform.PC.csproj", "{C9437ABF-2C36-7F5A-4B56-ACD48D3528CF}"
EndProject
Project("{FAE04EC0-301F-11D3-BF4B-00C04F79EFBC}") = "TaleWorlds.MountAndBlade.View", "TaleWorlds.MountAndBlade.View\TaleWorlds.MountAndBlade.View.csproj", "{064274DE-87C1-7296-4361-42BB39E2D3E5}"
EndProject
Project("{FAE04EC0-301F-11D3-BF4B-00C04F79EFBC}") = "TaleWorlds.MountAndBlade.ViewModelCollection", "TaleWorlds.MountAndBlade.ViewModelCollection\TaleWorlds.MountAndBlade.ViewModelCollection.csproj", "{A07EDECF-D310-E0EF-13B7-1A98DE2A873F}"
EndProject
Project("{FAE04EC0-301F-11D3-BF4B-00C04F79EFBC}") = "TaleWorlds.NavigationSystem", "TaleWorlds.NavigationSystem\TaleWorlds.NavigationSystem.csproj", "{9E8DE72C-4A6D-6124-5761-7970E680B7D8}"
EndProject
Project("{FAE04EC0-301F-11D3-BF4B-00C04F79EFBC}") = "TaleWorlds.Network", "TaleWorlds.Network\TaleWorlds.Network.csproj", "{F33C9F59-CAF2-3301-99CE-A447FE9C095A}"
EndProject
Project("{FAE04EC0-301F-11D3-BF4B-00C04F79EFBC}") = "TaleWorlds.ObjectSystem", "TaleWorlds.ObjectSystem\TaleWorlds.ObjectSystem.csproj", "{DC4B70BA-43A9-6E3A-352D-1A54A6674D05}"
EndProject
Project("{FAE04EC0-301F-11D3-BF4B-00C04F79EFBC}") = "TaleWorlds.PlatformService", "TaleWorlds.PlatformService\TaleWorlds.PlatformService.csproj", "{46371A2E-9CF8-B871-13EB-6DAA73E64EFE}"
EndProject
Project("{FAE04EC0-301F-11D3-BF4B-00C04F79EFBC}") = "TaleWorlds.PlatformService.Epic", "TaleWorlds.PlatformService.Epic\TaleWorlds.PlatformService.Epic.csproj", "{E8DE1314-233D-44E1-7B22-9DC0FFEFE2BB}"
EndProject
Project("{FAE04EC0-301F-11D3-BF4B-00C04F79EFBC}") = "TaleWorlds.PlatformService.GOG", "TaleWorlds.PlatformService.GOG\TaleWorlds.PlatformService.GOG.csproj", "{CE63ECE0-9071-A822-1E5D-21934C6AFD37}"
EndProject
Project("{FAE04EC0-301F-11D3-BF4B-00C04F79EFBC}") = "TaleWorlds.PlatformService.Steam", "TaleWorlds.PlatformService.Steam\TaleWorlds.PlatformService.Steam.csproj", "{3F12E30D-8E84-EEB4-46C4-BCD9EAE34CB3}"
EndProject
Project("{FAE04EC0-301F-11D3-BF4B-00C04F79EFBC}") = "TaleWorlds.PlayerServices", "TaleWorlds.PlayerServices\TaleWorlds.PlayerServices.csproj", "{466C8232-EB07-C597-DD28-A0C6CBDDE2C6}"
EndProject
Project("{FAE04EC0-301F-11D3-BF4B-00C04F79EFBC}") = "TaleWorlds.PSAI", "TaleWorlds.PSAI\TaleWorlds.PSAI.csproj", "{D6A4D576-4446-9968-1044-6642DF3B8799}"
EndProject
Project("{FAE04EC0-301F-11D3-BF4B-00C04F79EFBC}") = "TaleWorlds.SaveSystem", "TaleWorlds.SaveSystem\TaleWorlds.SaveSystem.csproj", "{52941B61-CDAA-F8E6-6DEC-358EFEB010A0}"
EndProject
Project("{FAE04EC0-301F-11D3-BF4B-00C04F79EFBC}") = "TaleWorlds.ScreenSystem", "TaleWorlds.ScreenSystem\TaleWorlds.ScreenSystem.csproj", "{D4F9ADCC-7127-6273-A9A3-3F144C062ACE}"
EndProject
Project("{FAE04EC0-301F-11D3-BF4B-00C04F79EFBC}") = "TaleWorlds.ServiceDiscovery.Client", "TaleWorlds.ServiceDiscovery.Client\TaleWorlds.ServiceDiscovery.Client.csproj", "{1E299336-B549-4D75-8544-B22ACF8CAFB7}"
EndProject
Project("{FAE04EC0-301F-11D3-BF4B-00C04F79EFBC}") = "TaleWorlds.Starter.Library", "TaleWorlds.Starter.Library\TaleWorlds.Starter.Library.csproj", "{D311B309-4AB3-7C66-912D-4A402A381B83}"
EndProject
Project("{FAE04EC0-301F-11D3-BF4B-00C04F79EFBC}") = "TaleWorlds.TwoDimension", "TaleWorlds.TwoDimension\TaleWorlds.TwoDimension.csproj", "{AF4C9759-DE07-B869-25F2-78DB6CA7EC87}"
EndProject
Project("{FAE04EC0-301F-11D3-BF4B-00C04F79EFBC}") = "TaleWorlds.TwoDimension.Standalone", "TaleWorlds.TwoDimension.Standalone\TaleWorlds.TwoDimension.Standalone.csproj", "{7741BF81-BD35-75D0-BC87-6BEDDEF82671}"
EndProject
Global
	GlobalSection(SolutionConfigurationPlatforms) = preSolution
		Debug|Any CPU = Debug|Any CPU
		Release|Any CPU = Release|Any CPU
	EndGlobalSection
	GlobalSection(ProjectConfigurationPlatforms) = postSolution
		{DA1EC951-96F8-B504-144A-D90124A1F91C}.Debug|Any CPU.ActiveCfg = Debug|Any CPU
		{DA1EC951-96F8-B504-144A-D90124A1F91C}.Debug|Any CPU.Build.0 = Debug|Any CPU
		{DA1EC951-96F8-B504-144A-D90124A1F91C}.Release|Any CPU.ActiveCfg = Release|Any CPU
		{DA1EC951-96F8-B504-144A-D90124A1F91C}.Release|Any CPU.Build.0 = Release|Any CPU
		{5F5FB6AE-4791-4748-87B5-839AAFCA7214}.Debug|Any CPU.ActiveCfg = Debug|Any CPU
		{5F5FB6AE-4791-4748-87B5-839AAFCA7214}.Debug|Any CPU.Build.0 = Debug|Any CPU
		{5F5FB6AE-4791-4748-87B5-839AAFCA7214}.Release|Any CPU.ActiveCfg = Release|Any CPU
		{5F5FB6AE-4791-4748-87B5-839AAFCA7214}.Release|Any CPU.Build.0 = Release|Any CPU
		{33B685C9-24DA-DCEE-A3E9-70A85346676E}.Debug|Any CPU.ActiveCfg = Debug|Any CPU
		{33B685C9-24DA-DCEE-A3E9-70A85346676E}.Debug|Any CPU.Build.0 = Debug|Any CPU
		{33B685C9-24DA-DCEE-A3E9-70A85346676E}.Release|Any CPU.ActiveCfg = Release|Any CPU
		{33B685C9-24DA-DCEE-A3E9-70A85346676E}.Release|Any CPU.Build.0 = Release|Any CPU
		{4E3DDD69-658D-2C0A-C639-3CEE435C4FE7}.Debug|Any CPU.ActiveCfg = Debug|Any CPU
		{4E3DDD69-658D-2C0A-C639-3CEE435C4FE7}.Debug|Any CPU.Build.0 = Debug|Any CPU
		{4E3DDD69-658D-2C0A-C639-3CEE435C4FE7}.Release|Any CPU.ActiveCfg = Release|Any CPU
		{4E3DDD69-658D-2C0A-C639-3CEE435C4FE7}.Release|Any CPU.Build.0 = Release|Any CPU
		{EFE7EF85-9ADC-FDD2-05F5-8FB97768C5B1}.Debug|Any CPU.ActiveCfg = Debug|Any CPU
		{EFE7EF85-9ADC-FDD2-05F5-8FB97768C5B1}.Debug|Any CPU.Build.0 = Debug|Any CPU
		{EFE7EF85-9ADC-FDD2-05F5-8FB97768C5B1}.Release|Any CPU.ActiveCfg = Release|Any CPU
		{EFE7EF85-9ADC-FDD2-05F5-8FB97768C5B1}.Release|Any CPU.Build.0 = Release|Any CPU
		{5737F2BA-2141-91DE-9362-7BC32AA449E6}.Debug|Any CPU.ActiveCfg = Debug|Any CPU
		{5737F2BA-2141-91DE-9362-7BC32AA449E6}.Debug|Any CPU.Build.0 = Debug|Any CPU
		{5737F2BA-2141-91DE-9362-7BC32AA449E6}.Release|Any CPU.ActiveCfg = Release|Any CPU
		{5737F2BA-2141-91DE-9362-7BC32AA449E6}.Release|Any CPU.Build.0 = Release|Any CPU
		{864FD641-DA3F-EEC9-665B-0F445FC0A8E0}.Debug|Any CPU.ActiveCfg = Debug|Any CPU
		{864FD641-DA3F-EEC9-665B-0F445FC0A8E0}.Debug|Any CPU.Build.0 = Debug|Any CPU
		{864FD641-DA3F-EEC9-665B-0F445FC0A8E0}.Release|Any CPU.ActiveCfg = Release|Any CPU
		{864FD641-DA3F-EEC9-665B-0F445FC0A8E0}.Release|Any CPU.Build.0 = Release|Any CPU
		{5EEFF4DA-8AD9-E42C-6F15-4A668E5D6006}.Debug|Any CPU.ActiveCfg = Debug|Any CPU
		{5EEFF4DA-8AD9-E42C-6F15-4A668E5D6006}.Debug|Any CPU.Build.0 = Debug|Any CPU
		{5EEFF4DA-8AD9-E42C-6F15-4A668E5D6006}.Release|Any CPU.ActiveCfg = Release|Any CPU
		{5EEFF4DA-8AD9-E42C-6F15-4A668E5D6006}.Release|Any CPU.Build.0 = Release|Any CPU
		{8BE53302-AC5C-6E51-D44D-8291657D3F07}.Debug|Any CPU.ActiveCfg = Debug|Any CPU
		{8BE53302-AC5C-6E51-D44D-8291657D3F07}.Debug|Any CPU.Build.0 = Debug|Any CPU
		{8BE53302-AC5C-6E51-D44D-8291657D3F07}.Release|Any CPU.ActiveCfg = Release|Any CPU
		{8BE53302-AC5C-6E51-D44D-8291657D3F07}.Release|Any CPU.Build.0 = Release|Any CPU
		{9EE9E466-9ED8-9A93-44B2-1DEB07B99783}.Debug|Any CPU.ActiveCfg = Debug|Any CPU
		{9EE9E466-9ED8-9A93-44B2-1DEB07B99783}.Debug|Any CPU.Build.0 = Debug|Any CPU
		{9EE9E466-9ED8-9A93-44B2-1DEB07B99783}.Release|Any CPU.ActiveCfg = Release|Any CPU
		{9EE9E466-9ED8-9A93-44B2-1DEB07B99783}.Release|Any CPU.Build.0 = Release|Any CPU
		{C13B4F65-8B4D-5EFE-D237-409305CD753B}.Debug|Any CPU.ActiveCfg = Debug|Any CPU
		{C13B4F65-8B4D-5EFE-D237-409305CD753B}.Debug|Any CPU.Build.0 = Debug|Any CPU
		{C13B4F65-8B4D-5EFE-D237-409305CD753B}.Release|Any CPU.ActiveCfg = Release|Any CPU
		{C13B4F65-8B4D-5EFE-D237-409305CD753B}.Release|Any CPU.Build.0 = Release|Any CPU
		{EB23EA19-5399-1038-8820-8DBC1953299A}.Debug|Any CPU.ActiveCfg = Debug|Any CPU
		{EB23EA19-5399-1038-8820-8DBC1953299A}.Debug|Any CPU.Build.0 = Debug|Any CPU
		{EB23EA19-5399-1038-8820-8DBC1953299A}.Release|Any CPU.ActiveCfg = Release|Any CPU
		{EB23EA19-5399-1038-8820-8DBC1953299A}.Release|Any CPU.Build.0 = Release|Any CPU
		{6FB5D86F-4065-6EC1-0D7D-49B3DAD8CC90}.Debug|Any CPU.ActiveCfg = Debug|Any CPU
		{6FB5D86F-4065-6EC1-0D7D-49B3DAD8CC90}.Debug|Any CPU.Build.0 = Debug|Any CPU
		{6FB5D86F-4065-6EC1-0D7D-49B3DAD8CC90}.Release|Any CPU.ActiveCfg = Release|Any CPU
		{6FB5D86F-4065-6EC1-0D7D-49B3DAD8CC90}.Release|Any CPU.Build.0 = Release|Any CPU
		{375C5CF1-369A-1B46-7FBB-E88DD3C163B2}.Debug|Any CPU.ActiveCfg = Debug|Any CPU
		{375C5CF1-369A-1B46-7FBB-E88DD3C163B2}.Debug|Any CPU.Build.0 = Debug|Any CPU
		{375C5CF1-369A-1B46-7FBB-E88DD3C163B2}.Release|Any CPU.ActiveCfg = Release|Any CPU
		{375C5CF1-369A-1B46-7FBB-E88DD3C163B2}.Release|Any CPU.Build.0 = Release|Any CPU
		{789E679D-1379-C5E5-84F0-1FC538B8F531}.Debug|Any CPU.ActiveCfg = Debug|Any CPU
		{789E679D-1379-C5E5-84F0-1FC538B8F531}.Debug|Any CPU.Build.0 = Debug|Any CPU
		{789E679D-1379-C5E5-84F0-1FC538B8F531}.Release|Any CPU.ActiveCfg = Release|Any CPU
		{789E679D-1379-C5E5-84F0-1FC538B8F531}.Release|Any CPU.Build.0 = Release|Any CPU
		{9CA3FC3A-792A-87FD-426C-0671ADF481A6}.Debug|Any CPU.ActiveCfg = Debug|Any CPU
		{9CA3FC3A-792A-87FD-426C-0671ADF481A6}.Debug|Any CPU.Build.0 = Debug|Any CPU
		{9CA3FC3A-792A-87FD-426C-0671ADF481A6}.Release|Any CPU.ActiveCfg = Release|Any CPU
		{9CA3FC3A-792A-87FD-426C-0671ADF481A6}.Release|Any CPU.Build.0 = Release|Any CPU
		{193B68E1-2CB3-0042-7645-4B10EB065606}.Debug|Any CPU.ActiveCfg = Debug|Any CPU
		{193B68E1-2CB3-0042-7645-4B10EB065606}.Debug|Any CPU.Build.0 = Debug|Any CPU
		{193B68E1-2CB3-0042-7645-4B10EB065606}.Release|Any CPU.ActiveCfg = Release|Any CPU
		{193B68E1-2CB3-0042-7645-4B10EB065606}.Release|Any CPU.Build.0 = Release|Any CPU
		{BE498F70-93A7-D77D-6AC9-40BAB1193008}.Debug|Any CPU.ActiveCfg = Debug|Any CPU
		{BE498F70-93A7-D77D-6AC9-40BAB1193008}.Debug|Any CPU.Build.0 = Debug|Any CPU
		{BE498F70-93A7-D77D-6AC9-40BAB1193008}.Release|Any CPU.ActiveCfg = Release|Any CPU
		{BE498F70-93A7-D77D-6AC9-40BAB1193008}.Release|Any CPU.Build.0 = Release|Any CPU
		{3B2D0571-90EC-DA49-8E1A-C60A05D47C6D}.Debug|Any CPU.ActiveCfg = Debug|Any CPU
		{3B2D0571-90EC-DA49-8E1A-C60A05D47C6D}.Debug|Any CPU.Build.0 = Debug|Any CPU
		{3B2D0571-90EC-DA49-8E1A-C60A05D47C6D}.Release|Any CPU.ActiveCfg = Release|Any CPU
		{3B2D0571-90EC-DA49-8E1A-C60A05D47C6D}.Release|Any CPU.Build.0 = Release|Any CPU
		{2B5DBFB6-6B50-9FED-43B5-C27352ABDB17}.Debug|Any CPU.ActiveCfg = Debug|Any CPU
		{2B5DBFB6-6B50-9FED-43B5-C27352ABDB17}.Debug|Any CPU.Build.0 = Debug|Any CPU
		{2B5DBFB6-6B50-9FED-43B5-C27352ABDB17}.Release|Any CPU.ActiveCfg = Release|Any CPU
		{2B5DBFB6-6B50-9FED-43B5-C27352ABDB17}.Release|Any CPU.Build.0 = Release|Any CPU
		{F743D9D9-13F9-A7E4-5DAB-638E9B966A3A}.Debug|Any CPU.ActiveCfg = Debug|Any CPU
		{F743D9D9-13F9-A7E4-5DAB-638E9B966A3A}.Debug|Any CPU.Build.0 = Debug|Any CPU
		{F743D9D9-13F9-A7E4-5DAB-638E9B966A3A}.Release|Any CPU.ActiveCfg = Release|Any CPU
		{F743D9D9-13F9-A7E4-5DAB-638E9B966A3A}.Release|Any CPU.Build.0 = Release|Any CPU
		{9A15474C-B50D-3796-7F29-1A1C543B634A}.Debug|Any CPU.ActiveCfg = Debug|Any CPU
		{9A15474C-B50D-3796-7F29-1A1C543B634A}.Debug|Any CPU.Build.0 = Debug|Any CPU
		{9A15474C-B50D-3796-7F29-1A1C543B634A}.Release|Any CPU.ActiveCfg = Release|Any CPU
		{9A15474C-B50D-3796-7F29-1A1C543B634A}.Release|Any CPU.Build.0 = Release|Any CPU
		{783B474B-3A7F-FA4C-D8C4-BC3E16F0161E}.Debug|Any CPU.ActiveCfg = Debug|Any CPU
		{783B474B-3A7F-FA4C-D8C4-BC3E16F0161E}.Debug|Any CPU.Build.0 = Debug|Any CPU
		{783B474B-3A7F-FA4C-D8C4-BC3E16F0161E}.Release|Any CPU.ActiveCfg = Release|Any CPU
		{783B474B-3A7F-FA4C-D8C4-BC3E16F0161E}.Release|Any CPU.Build.0 = Release|Any CPU
		{7BEDDB7A-8F60-38A6-03F1-4319CFEEF2F5}.Debug|Any CPU.ActiveCfg = Debug|Any CPU
		{7BEDDB7A-8F60-38A6-03F1-4319CFEEF2F5}.Debug|Any CPU.Build.0 = Debug|Any CPU
		{7BEDDB7A-8F60-38A6-03F1-4319CFEEF2F5}.Release|Any CPU.ActiveCfg = Release|Any CPU
		{7BEDDB7A-8F60-38A6-03F1-4319CFEEF2F5}.Release|Any CPU.Build.0 = Release|Any CPU
		{FEAF14EB-EE15-EFE4-32B2-E06185EC554A}.Debug|Any CPU.ActiveCfg = Debug|Any CPU
		{FEAF14EB-EE15-EFE4-32B2-E06185EC554A}.Debug|Any CPU.Build.0 = Debug|Any CPU
		{FEAF14EB-EE15-EFE4-32B2-E06185EC554A}.Release|Any CPU.ActiveCfg = Release|Any CPU
		{FEAF14EB-EE15-EFE4-32B2-E06185EC554A}.Release|Any CPU.Build.0 = Release|Any CPU
		{783FB93B-B376-656E-C646-EE9B18D1B089}.Debug|Any CPU.ActiveCfg = Debug|Any CPU
		{783FB93B-B376-656E-C646-EE9B18D1B089}.Debug|Any CPU.Build.0 = Debug|Any CPU
		{783FB93B-B376-656E-C646-EE9B18D1B089}.Release|Any CPU.ActiveCfg = Release|Any CPU
		{783FB93B-B376-656E-C646-EE9B18D1B089}.Release|Any CPU.Build.0 = Release|Any CPU
		{33914EB3-915B-E5C2-2DEB-E823512AE50D}.Debug|Any CPU.ActiveCfg = Debug|Any CPU
		{33914EB3-915B-E5C2-2DEB-E823512AE50D}.Debug|Any CPU.Build.0 = Debug|Any CPU
		{33914EB3-915B-E5C2-2DEB-E823512AE50D}.Release|Any CPU.ActiveCfg = Release|Any CPU
		{33914EB3-915B-E5C2-2DEB-E823512AE50D}.Release|Any CPU.Build.0 = Release|Any CPU
		{37EDE529-0E08-2D57-3BBB-3DF86848B91E}.Debug|Any CPU.ActiveCfg = Debug|Any CPU
		{37EDE529-0E08-2D57-3BBB-3DF86848B91E}.Debug|Any CPU.Build.0 = Debug|Any CPU
		{37EDE529-0E08-2D57-3BBB-3DF86848B91E}.Release|Any CPU.ActiveCfg = Release|Any CPU
		{37EDE529-0E08-2D57-3BBB-3DF86848B91E}.Release|Any CPU.Build.0 = Release|Any CPU
		{6E95F44E-0AE8-75FF-7B57-6E5E09F991AA}.Debug|Any CPU.ActiveCfg = Debug|Any CPU
		{6E95F44E-0AE8-75FF-7B57-6E5E09F991AA}.Debug|Any CPU.Build.0 = Debug|Any CPU
		{6E95F44E-0AE8-75FF-7B57-6E5E09F991AA}.Release|Any CPU.ActiveCfg = Release|Any CPU
		{6E95F44E-0AE8-75FF-7B57-6E5E09F991AA}.Release|Any CPU.Build.0 = Release|Any CPU
		{36735FF8-96C3-EEFE-095B-A309FA4E6CBA}.Debug|Any CPU.ActiveCfg = Debug|Any CPU
		{36735FF8-96C3-EEFE-095B-A309FA4E6CBA}.Debug|Any CPU.Build.0 = Debug|Any CPU
		{36735FF8-96C3-EEFE-095B-A309FA4E6CBA}.Release|Any CPU.ActiveCfg = Release|Any CPU
		{36735FF8-96C3-EEFE-095B-A309FA4E6CBA}.Release|Any CPU.Build.0 = Release|Any CPU
		{75F5931C-A93E-4956-DA69-E894A17063D7}.Debug|Any CPU.ActiveCfg = Debug|Any CPU
		{75F5931C-A93E-4956-DA69-E894A17063D7}.Debug|Any CPU.Build.0 = Debug|Any CPU
		{75F5931C-A93E-4956-DA69-E894A17063D7}.Release|Any CPU.ActiveCfg = Release|Any CPU
		{75F5931C-A93E-4956-DA69-E894A17063D7}.Release|Any CPU.Build.0 = Release|Any CPU
		{550660EC-BAFC-56B4-0D3F-617896A67434}.Debug|Any CPU.ActiveCfg = Debug|Any CPU
		{550660EC-BAFC-56B4-0D3F-617896A67434}.Debug|Any CPU.Build.0 = Debug|Any CPU
		{550660EC-BAFC-56B4-0D3F-617896A67434}.Release|Any CPU.ActiveCfg = Release|Any CPU
		{550660EC-BAFC-56B4-0D3F-617896A67434}.Release|Any CPU.Build.0 = Release|Any CPU
		{9B9504CB-3982-1D8B-EF55-02359D6F7FA2}.Debug|Any CPU.ActiveCfg = Debug|Any CPU
		{9B9504CB-3982-1D8B-EF55-02359D6F7FA2}.Debug|Any CPU.Build.0 = Debug|Any CPU
		{9B9504CB-3982-1D8B-EF55-02359D6F7FA2}.Release|Any CPU.ActiveCfg = Release|Any CPU
		{9B9504CB-3982-1D8B-EF55-02359D6F7FA2}.Release|Any CPU.Build.0 = Release|Any CPU
		{E7FBA7FB-2A5D-1E77-A227-81D8AB0E07DF}.Debug|Any CPU.ActiveCfg = Debug|Any CPU
		{E7FBA7FB-2A5D-1E77-A227-81D8AB0E07DF}.Debug|Any CPU.Build.0 = Debug|Any CPU
		{E7FBA7FB-2A5D-1E77-A227-81D8AB0E07DF}.Release|Any CPU.ActiveCfg = Release|Any CPU
		{E7FBA7FB-2A5D-1E77-A227-81D8AB0E07DF}.Release|Any CPU.Build.0 = Release|Any CPU
		{8F1E5FF4-271D-4538-8CC5-F1AE3A764626}.Debug|Any CPU.ActiveCfg = Debug|Any CPU
		{8F1E5FF4-271D-4538-8CC5-F1AE3A764626}.Debug|Any CPU.Build.0 = Debug|Any CPU
		{8F1E5FF4-271D-4538-8CC5-F1AE3A764626}.Release|Any CPU.ActiveCfg = Release|Any CPU
		{8F1E5FF4-271D-4538-8CC5-F1AE3A764626}.Release|Any CPU.Build.0 = Release|Any CPU
		{59F1FF01-1B1D-B989-AC42-219B50F54336}.Debug|Any CPU.ActiveCfg = Debug|Any CPU
		{59F1FF01-1B1D-B989-AC42-219B50F54336}.Debug|Any CPU.Build.0 = Debug|Any CPU
		{59F1FF01-1B1D-B989-AC42-219B50F54336}.Release|Any CPU.ActiveCfg = Release|Any CPU
		{59F1FF01-1B1D-B989-AC42-219B50F54336}.Release|Any CPU.Build.0 = Release|Any CPU
		{A3337542-BE96-AFE0-EAE3-FFD184A7B485}.Debug|Any CPU.ActiveCfg = Debug|Any CPU
		{A3337542-BE96-AFE0-EAE3-FFD184A7B485}.Debug|Any CPU.Build.0 = Debug|Any CPU
		{A3337542-BE96-AFE0-EAE3-FFD184A7B485}.Release|Any CPU.ActiveCfg = Release|Any CPU
		{A3337542-BE96-AFE0-EAE3-FFD184A7B485}.Release|Any CPU.Build.0 = Release|Any CPU
		{6917E49B-DE5B-CB30-BBE0-22D9FFA68BFE}.Debug|Any CPU.ActiveCfg = Debug|Any CPU
		{6917E49B-DE5B-CB30-BBE0-22D9FFA68BFE}.Debug|Any CPU.Build.0 = Debug|Any CPU
		{6917E49B-DE5B-CB30-BBE0-22D9FFA68BFE}.Release|Any CPU.ActiveCfg = Release|Any CPU
		{6917E49B-DE5B-CB30-BBE0-22D9FFA68BFE}.Release|Any CPU.Build.0 = Release|Any CPU
		{3C3327FB-8277-49CF-4307-23E179D812E9}.Debug|Any CPU.ActiveCfg = Debug|Any CPU
		{3C3327FB-8277-49CF-4307-23E179D812E9}.Debug|Any CPU.Build.0 = Debug|Any CPU
		{3C3327FB-8277-49CF-4307-23E179D812E9}.Release|Any CPU.ActiveCfg = Release|Any CPU
		{3C3327FB-8277-49CF-4307-23E179D812E9}.Release|Any CPU.Build.0 = Release|Any CPU
		{0D1B9E47-CB6B-A628-E0BB-B68AEFF0AA17}.Debug|Any CPU.ActiveCfg = Debug|Any CPU
		{0D1B9E47-CB6B-A628-E0BB-B68AEFF0AA17}.Debug|Any CPU.Build.0 = Debug|Any CPU
		{0D1B9E47-CB6B-A628-E0BB-B68AEFF0AA17}.Release|Any CPU.ActiveCfg = Release|Any CPU
		{0D1B9E47-CB6B-A628-E0BB-B68AEFF0AA17}.Release|Any CPU.Build.0 = Release|Any CPU
		{42C6FD5C-9C39-EBCB-8819-2FFACEE14C99}.Debug|Any CPU.ActiveCfg = Debug|Any CPU
		{42C6FD5C-9C39-EBCB-8819-2FFACEE14C99}.Debug|Any CPU.Build.0 = Debug|Any CPU
		{42C6FD5C-9C39-EBCB-8819-2FFACEE14C99}.Release|Any CPU.ActiveCfg = Release|Any CPU
		{42C6FD5C-9C39-EBCB-8819-2FFACEE14C99}.Release|Any CPU.Build.0 = Release|Any CPU
		{40CD939B-D411-5DDC-ABB3-1E55DF8B546B}.Debug|Any CPU.ActiveCfg = Debug|Any CPU
		{40CD939B-D411-5DDC-ABB3-1E55DF8B546B}.Debug|Any CPU.Build.0 = Debug|Any CPU
		{40CD939B-D411-5DDC-ABB3-1E55DF8B546B}.Release|Any CPU.ActiveCfg = Release|Any CPU
		{40CD939B-D411-5DDC-ABB3-1E55DF8B546B}.Release|Any CPU.Build.0 = Release|Any CPU
		{7E16DCF5-E871-8442-5141-D72DC233F8DE}.Debug|Any CPU.ActiveCfg = Debug|Any CPU
		{7E16DCF5-E871-8442-5141-D72DC233F8DE}.Debug|Any CPU.Build.0 = Debug|Any CPU
		{7E16DCF5-E871-8442-5141-D72DC233F8DE}.Release|Any CPU.ActiveCfg = Release|Any CPU
		{7E16DCF5-E871-8442-5141-D72DC233F8DE}.Release|Any CPU.Build.0 = Release|Any CPU
		{A51F3E0D-F068-0DF2-1674-71EC0B61094D}.Debug|Any CPU.ActiveCfg = Debug|Any CPU
		{A51F3E0D-F068-0DF2-1674-71EC0B61094D}.Debug|Any CPU.Build.0 = Debug|Any CPU
		{A51F3E0D-F068-0DF2-1674-71EC0B61094D}.Release|Any CPU.ActiveCfg = Release|Any CPU
		{A51F3E0D-F068-0DF2-1674-71EC0B61094D}.Release|Any CPU.Build.0 = Release|Any CPU
		{9D5F7E15-132F-ABF5-557C-49E5DCB19E1F}.Debug|Any CPU.ActiveCfg = Debug|Any CPU
		{9D5F7E15-132F-ABF5-557C-49E5DCB19E1F}.Debug|Any CPU.Build.0 = Debug|Any CPU
		{9D5F7E15-132F-ABF5-557C-49E5DCB19E1F}.Release|Any CPU.ActiveCfg = Release|Any CPU
		{9D5F7E15-132F-ABF5-557C-49E5DCB19E1F}.Release|Any CPU.Build.0 = Release|Any CPU
		{0DC54F03-8F1E-0072-67CC-6E840D772709}.Debug|Any CPU.ActiveCfg = Debug|Any CPU
		{0DC54F03-8F1E-0072-67CC-6E840D772709}.Debug|Any CPU.Build.0 = Debug|Any CPU
		{0DC54F03-8F1E-0072-67CC-6E840D772709}.Release|Any CPU.ActiveCfg = Release|Any CPU
		{0DC54F03-8F1E-0072-67CC-6E840D772709}.Release|Any CPU.Build.0 = Release|Any CPU
		{2C81AF15-3E88-1B9A-2532-620DAF44E31B}.Debug|Any CPU.ActiveCfg = Debug|Any CPU
		{2C81AF15-3E88-1B9A-2532-620DAF44E31B}.Debug|Any CPU.Build.0 = Debug|Any CPU
		{2C81AF15-3E88-1B9A-2532-620DAF44E31B}.Release|Any CPU.ActiveCfg = Release|Any CPU
		{2C81AF15-3E88-1B9A-2532-620DAF44E31B}.Release|Any CPU.Build.0 = Release|Any CPU
		{1CF01E88-2AC3-5920-40C9-03BC13B61F9E}.Debug|Any CPU.ActiveCfg = Debug|Any CPU
		{1CF01E88-2AC3-5920-40C9-03BC13B61F9E}.Debug|Any CPU.Build.0 = Debug|Any CPU
		{1CF01E88-2AC3-5920-40C9-03BC13B61F9E}.Release|Any CPU.ActiveCfg = Release|Any CPU
		{1CF01E88-2AC3-5920-40C9-03BC13B61F9E}.Release|Any CPU.Build.0 = Release|Any CPU
		{AC1B4C5F-591E-132C-14A9-5B3D350A1278}.Debug|Any CPU.ActiveCfg = Debug|Any CPU
		{AC1B4C5F-591E-132C-14A9-5B3D350A1278}.Debug|Any CPU.Build.0 = Debug|Any CPU
		{AC1B4C5F-591E-132C-14A9-5B3D350A1278}.Release|Any CPU.ActiveCfg = Release|Any CPU
		{AC1B4C5F-591E-132C-14A9-5B3D350A1278}.Release|Any CPU.Build.0 = Release|Any CPU
		{D20F257C-158A-9C31-7495-C89DE06FA865}.Debug|Any CPU.ActiveCfg = Debug|Any CPU
		{D20F257C-158A-9C31-7495-C89DE06FA865}.Debug|Any CPU.Build.0 = Debug|Any CPU
		{D20F257C-158A-9C31-7495-C89DE06FA865}.Release|Any CPU.ActiveCfg = Release|Any CPU
		{D20F257C-158A-9C31-7495-C89DE06FA865}.Release|Any CPU.Build.0 = Release|Any CPU
		{5DBF94EF-5012-4938-B1FE-D6B7F844991A}.Debug|Any CPU.ActiveCfg = Debug|Any CPU
		{5DBF94EF-5012-4938-B1FE-D6B7F844991A}.Debug|Any CPU.Build.0 = Debug|Any CPU
		{5DBF94EF-5012-4938-B1FE-D6B7F844991A}.Release|Any CPU.ActiveCfg = Release|Any CPU
		{5DBF94EF-5012-4938-B1FE-D6B7F844991A}.Release|Any CPU.Build.0 = Release|Any CPU
		{12FAC471-82C9-470B-83CD-5B412E81EAB0}.Debug|Any CPU.ActiveCfg = Debug|Any CPU
		{12FAC471-82C9-470B-83CD-5B412E81EAB0}.Debug|Any CPU.Build.0 = Debug|Any CPU
		{12FAC471-82C9-470B-83CD-5B412E81EAB0}.Release|Any CPU.ActiveCfg = Release|Any CPU
		{12FAC471-82C9-470B-83CD-5B412E81EAB0}.Release|Any CPU.Build.0 = Release|Any CPU
		{E41A89BC-323B-BEE0-0BBE-2A9F84387366}.Debug|Any CPU.ActiveCfg = Debug|Any CPU
		{E41A89BC-323B-BEE0-0BBE-2A9F84387366}.Debug|Any CPU.Build.0 = Debug|Any CPU
		{E41A89BC-323B-BEE0-0BBE-2A9F84387366}.Release|Any CPU.ActiveCfg = Release|Any CPU
		{E41A89BC-323B-BEE0-0BBE-2A9F84387366}.Release|Any CPU.Build.0 = Release|Any CPU
		{7409FB37-35AE-7B61-B05F-649BB1C7DBBC}.Debug|Any CPU.ActiveCfg = Debug|Any CPU
		{7409FB37-35AE-7B61-B05F-649BB1C7DBBC}.Debug|Any CPU.Build.0 = Debug|Any CPU
		{7409FB37-35AE-7B61-B05F-649BB1C7DBBC}.Release|Any CPU.ActiveCfg = Release|Any CPU
		{7409FB37-35AE-7B61-B05F-649BB1C7DBBC}.Release|Any CPU.Build.0 = Release|Any CPU
		{9E040341-9719-83B9-ED1D-EFE98FF2D05C}.Debug|Any CPU.ActiveCfg = Debug|Any CPU
		{9E040341-9719-83B9-ED1D-EFE98FF2D05C}.Debug|Any CPU.Build.0 = Debug|Any CPU
		{9E040341-9719-83B9-ED1D-EFE98FF2D05C}.Release|Any CPU.ActiveCfg = Release|Any CPU
		{9E040341-9719-83B9-ED1D-EFE98FF2D05C}.Release|Any CPU.Build.0 = Release|Any CPU
		{D7CB7BA3-B4FA-C005-B556-FEAF17F38226}.Debug|Any CPU.ActiveCfg = Debug|Any CPU
		{D7CB7BA3-B4FA-C005-B556-FEAF17F38226}.Debug|Any CPU.Build.0 = Debug|Any CPU
		{D7CB7BA3-B4FA-C005-B556-FEAF17F38226}.Release|Any CPU.ActiveCfg = Release|Any CPU
		{D7CB7BA3-B4FA-C005-B556-FEAF17F38226}.Release|Any CPU.Build.0 = Release|Any CPU
		{DB61D2C6-4279-A562-81F9-9239A9122C4B}.Debug|Any CPU.ActiveCfg = Debug|Any CPU
		{DB61D2C6-4279-A562-81F9-9239A9122C4B}.Debug|Any CPU.Build.0 = Debug|Any CPU
		{DB61D2C6-4279-A562-81F9-9239A9122C4B}.Release|Any CPU.ActiveCfg = Release|Any CPU
		{DB61D2C6-4279-A562-81F9-9239A9122C4B}.Release|Any CPU.Build.0 = Release|Any CPU
		{773705DB-87D8-B79D-03FD-74ADD6524DBC}.Debug|Any CPU.ActiveCfg = Debug|Any CPU
		{773705DB-87D8-B79D-03FD-74ADD6524DBC}.Debug|Any CPU.Build.0 = Debug|Any CPU
		{773705DB-87D8-B79D-03FD-74ADD6524DBC}.Release|Any CPU.ActiveCfg = Release|Any CPU
		{773705DB-87D8-B79D-03FD-74ADD6524DBC}.Release|Any CPU.Build.0 = Release|Any CPU
		{35047BEE-1BE6-1321-96C8-6AB383E9165D}.Debug|Any CPU.ActiveCfg = Debug|Any CPU
		{35047BEE-1BE6-1321-96C8-6AB383E9165D}.Debug|Any CPU.Build.0 = Debug|Any CPU
		{35047BEE-1BE6-1321-96C8-6AB383E9165D}.Release|Any CPU.ActiveCfg = Release|Any CPU
		{35047BEE-1BE6-1321-96C8-6AB383E9165D}.Release|Any CPU.Build.0 = Release|Any CPU
		{F450FE78-9D70-A9CC-EF1B-C3F3C8E33BBF}.Debug|Any CPU.ActiveCfg = Debug|Any CPU
		{F450FE78-9D70-A9CC-EF1B-C3F3C8E33BBF}.Debug|Any CPU.Build.0 = Debug|Any CPU
		{F450FE78-9D70-A9CC-EF1B-C3F3C8E33BBF}.Release|Any CPU.ActiveCfg = Release|Any CPU
		{F450FE78-9D70-A9CC-EF1B-C3F3C8E33BBF}.Release|Any CPU.Build.0 = Release|Any CPU
		{7ADFAD8C-E1B9-FCA4-BA5F-A8CA729B5BD8}.Debug|Any CPU.ActiveCfg = Debug|Any CPU
		{7ADFAD8C-E1B9-FCA4-BA5F-A8CA729B5BD8}.Debug|Any CPU.Build.0 = Debug|Any CPU
		{7ADFAD8C-E1B9-FCA4-BA5F-A8CA729B5BD8}.Release|Any CPU.ActiveCfg = Release|Any CPU
		{7ADFAD8C-E1B9-FCA4-BA5F-A8CA729B5BD8}.Release|Any CPU.Build.0 = Release|Any CPU
		{CFED9580-A566-DA53-B682-E5C46EE218D9}.Debug|Any CPU.ActiveCfg = Debug|Any CPU
		{CFED9580-A566-DA53-B682-E5C46EE218D9}.Debug|Any CPU.Build.0 = Debug|Any CPU
		{CFED9580-A566-DA53-B682-E5C46EE218D9}.Release|Any CPU.ActiveCfg = Release|Any CPU
		{CFED9580-A566-DA53-B682-E5C46EE218D9}.Release|Any CPU.Build.0 = Release|Any CPU
		{D5B3E34B-A672-7798-F308-B2EDDB318C66}.Debug|Any CPU.ActiveCfg = Debug|Any CPU
		{D5B3E34B-A672-7798-F308-B2EDDB318C66}.Debug|Any CPU.Build.0 = Debug|Any CPU
		{D5B3E34B-A672-7798-F308-B2EDDB318C66}.Release|Any CPU.ActiveCfg = Release|Any CPU
		{D5B3E34B-A672-7798-F308-B2EDDB318C66}.Release|Any CPU.Build.0 = Release|Any CPU
		{C9437ABF-2C36-7F5A-4B56-ACD48D3528CF}.Debug|Any CPU.ActiveCfg = Debug|Any CPU
		{C9437ABF-2C36-7F5A-4B56-ACD48D3528CF}.Debug|Any CPU.Build.0 = Debug|Any CPU
		{C9437ABF-2C36-7F5A-4B56-ACD48D3528CF}.Release|Any CPU.ActiveCfg = Release|Any CPU
		{C9437ABF-2C36-7F5A-4B56-ACD48D3528CF}.Release|Any CPU.Build.0 = Release|Any CPU
		{064274DE-87C1-7296-4361-42BB39E2D3E5}.Debug|Any CPU.ActiveCfg = Debug|Any CPU
		{064274DE-87C1-7296-4361-42BB39E2D3E5}.Debug|Any CPU.Build.0 = Debug|Any CPU
		{064274DE-87C1-7296-4361-42BB39E2D3E5}.Release|Any CPU.ActiveCfg = Release|Any CPU
		{064274DE-87C1-7296-4361-42BB39E2D3E5}.Release|Any CPU.Build.0 = Release|Any CPU
		{A07EDECF-D310-E0EF-13B7-1A98DE2A873F}.Debug|Any CPU.ActiveCfg = Debug|Any CPU
		{A07EDECF-D310-E0EF-13B7-1A98DE2A873F}.Debug|Any CPU.Build.0 = Debug|Any CPU
		{A07EDECF-D310-E0EF-13B7-1A98DE2A873F}.Release|Any CPU.ActiveCfg = Release|Any CPU
		{A07EDECF-D310-E0EF-13B7-1A98DE2A873F}.Release|Any CPU.Build.0 = Release|Any CPU
		{9E8DE72C-4A6D-6124-5761-7970E680B7D8}.Debug|Any CPU.ActiveCfg = Debug|Any CPU
		{9E8DE72C-4A6D-6124-5761-7970E680B7D8}.Debug|Any CPU.Build.0 = Debug|Any CPU
		{9E8DE72C-4A6D-6124-5761-7970E680B7D8}.Release|Any CPU.ActiveCfg = Release|Any CPU
		{9E8DE72C-4A6D-6124-5761-7970E680B7D8}.Release|Any CPU.Build.0 = Release|Any CPU
		{F33C9F59-CAF2-3301-99CE-A447FE9C095A}.Debug|Any CPU.ActiveCfg = Debug|Any CPU
		{F33C9F59-CAF2-3301-99CE-A447FE9C095A}.Debug|Any CPU.Build.0 = Debug|Any CPU
		{F33C9F59-CAF2-3301-99CE-A447FE9C095A}.Release|Any CPU.ActiveCfg = Release|Any CPU
		{F33C9F59-CAF2-3301-99CE-A447FE9C095A}.Release|Any CPU.Build.0 = Release|Any CPU
		{DC4B70BA-43A9-6E3A-352D-1A54A6674D05}.Debug|Any CPU.ActiveCfg = Debug|Any CPU
		{DC4B70BA-43A9-6E3A-352D-1A54A6674D05}.Debug|Any CPU.Build.0 = Debug|Any CPU
		{DC4B70BA-43A9-6E3A-352D-1A54A6674D05}.Release|Any CPU.ActiveCfg = Release|Any CPU
		{DC4B70BA-43A9-6E3A-352D-1A54A6674D05}.Release|Any CPU.Build.0 = Release|Any CPU
		{46371A2E-9CF8-B871-13EB-6DAA73E64EFE}.Debug|Any CPU.ActiveCfg = Debug|Any CPU
		{46371A2E-9CF8-B871-13EB-6DAA73E64EFE}.Debug|Any CPU.Build.0 = Debug|Any CPU
		{46371A2E-9CF8-B871-13EB-6DAA73E64EFE}.Release|Any CPU.ActiveCfg = Release|Any CPU
		{46371A2E-9CF8-B871-13EB-6DAA73E64EFE}.Release|Any CPU.Build.0 = Release|Any CPU
		{E8DE1314-233D-44E1-7B22-9DC0FFEFE2BB}.Debug|Any CPU.ActiveCfg = Debug|Any CPU
		{E8DE1314-233D-44E1-7B22-9DC0FFEFE2BB}.Debug|Any CPU.Build.0 = Debug|Any CPU
		{E8DE1314-233D-44E1-7B22-9DC0FFEFE2BB}.Release|Any CPU.ActiveCfg = Release|Any CPU
		{E8DE1314-233D-44E1-7B22-9DC0FFEFE2BB}.Release|Any CPU.Build.0 = Release|Any CPU
		{CE63ECE0-9071-A822-1E5D-21934C6AFD37}.Debug|Any CPU.ActiveCfg = Debug|Any CPU
		{CE63ECE0-9071-A822-1E5D-21934C6AFD37}.Debug|Any CPU.Build.0 = Debug|Any CPU
		{CE63ECE0-9071-A822-1E5D-21934C6AFD37}.Release|Any CPU.ActiveCfg = Release|Any CPU
		{CE63ECE0-9071-A822-1E5D-21934C6AFD37}.Release|Any CPU.Build.0 = Release|Any CPU
		{3F12E30D-8E84-EEB4-46C4-BCD9EAE34CB3}.Debug|Any CPU.ActiveCfg = Debug|Any CPU
		{3F12E30D-8E84-EEB4-46C4-BCD9EAE34CB3}.Debug|Any CPU.Build.0 = Debug|Any CPU
		{3F12E30D-8E84-EEB4-46C4-BCD9EAE34CB3}.Release|Any CPU.ActiveCfg = Release|Any CPU
		{3F12E30D-8E84-EEB4-46C4-BCD9EAE34CB3}.Release|Any CPU.Build.0 = Release|Any CPU
		{466C8232-EB07-C597-DD28-A0C6CBDDE2C6}.Debug|Any CPU.ActiveCfg = Debug|Any CPU
		{466C8232-EB07-C597-DD28-A0C6CBDDE2C6}.Debug|Any CPU.Build.0 = Debug|Any CPU
		{466C8232-EB07-C597-DD28-A0C6CBDDE2C6}.Release|Any CPU.ActiveCfg = Release|Any CPU
		{466C8232-EB07-C597-DD28-A0C6CBDDE2C6}.Release|Any CPU.Build.0 = Release|Any CPU
		{D6A4D576-4446-9968-1044-6642DF3B8799}.Debug|Any CPU.ActiveCfg = Debug|Any CPU
		{D6A4D576-4446-9968-1044-6642DF3B8799}.Debug|Any CPU.Build.0 = Debug|Any CPU
		{D6A4D576-4446-9968-1044-6642DF3B8799}.Release|Any CPU.ActiveCfg = Release|Any CPU
		{D6A4D576-4446-9968-1044-6642DF3B8799}.Release|Any CPU.Build.0 = Release|Any CPU
		{52941B61-CDAA-F8E6-6DEC-358EFEB010A0}.Debug|Any CPU.ActiveCfg = Debug|Any CPU
		{52941B61-CDAA-F8E6-6DEC-358EFEB010A0}.Debug|Any CPU.Build.0 = Debug|Any CPU
		{52941B61-CDAA-F8E6-6DEC-358EFEB010A0}.Release|Any CPU.ActiveCfg = Release|Any CPU
		{52941B61-CDAA-F8E6-6DEC-358EFEB010A0}.Release|Any CPU.Build.0 = Release|Any CPU
		{D4F9ADCC-7127-6273-A9A3-3F144C062ACE}.Debug|Any CPU.ActiveCfg = Debug|Any CPU
		{D4F9ADCC-7127-6273-A9A3-3F144C062ACE}.Debug|Any CPU.Build.0 = Debug|Any CPU
		{D4F9ADCC-7127-6273-A9A3-3F144C062ACE}.Release|Any CPU.ActiveCfg = Release|Any CPU
		{D4F9ADCC-7127-6273-A9A3-3F144C062ACE}.Release|Any CPU.Build.0 = Release|Any CPU
		{1E299336-B549-4D75-8544-B22ACF8CAFB7}.Debug|Any CPU.ActiveCfg = Debug|Any CPU
		{1E299336-B549-4D75-8544-B22ACF8CAFB7}.Debug|Any CPU.Build.0 = Debug|Any CPU
		{1E299336-B549-4D75-8544-B22ACF8CAFB7}.Release|Any CPU.ActiveCfg = Release|Any CPU
		{1E299336-B549-4D75-8544-B22ACF8CAFB7}.Release|Any CPU.Build.0 = Release|Any CPU
		{D311B309-4AB3-7C66-912D-4A402A381B83}.Debug|Any CPU.ActiveCfg = Debug|Any CPU
		{D311B309-4AB3-7C66-912D-4A402A381B83}.Debug|Any CPU.Build.0 = Debug|Any CPU
		{D311B309-4AB3-7C66-912D-4A402A381B83}.Release|Any CPU.ActiveCfg = Release|Any CPU
		{D311B309-4AB3-7C66-912D-4A402A381B83}.Release|Any CPU.Build.0 = Release|Any CPU
		{AF4C9759-DE07-B869-25F2-78DB6CA7EC87}.Debug|Any CPU.ActiveCfg = Debug|Any CPU
		{AF4C9759-DE07-B869-25F2-78DB6CA7EC87}.Debug|Any CPU.Build.0 = Debug|Any CPU
		{AF4C9759-DE07-B869-25F2-78DB6CA7EC87}.Release|Any CPU.ActiveCfg = Release|Any CPU
		{AF4C9759-DE07-B869-25F2-78DB6CA7EC87}.Release|Any CPU.Build.0 = Release|Any CPU
		{7741BF81-BD35-75D0-BC87-6BEDDEF82671}.Debug|Any CPU.ActiveCfg = Debug|Any CPU
		{7741BF81-BD35-75D0-BC87-6BEDDEF82671}.Debug|Any CPU.Build.0 = Debug|Any CPU
		{7741BF81-BD35-75D0-BC87-6BEDDEF82671}.Release|Any CPU.ActiveCfg = Release|Any CPU
		{7741BF81-BD35-75D0-BC87-6BEDDEF82671}.Release|Any CPU.Build.0 = Release|Any CPU
	EndGlobalSection
	GlobalSection(SolutionProperties) = preSolution
		HideSolutionNode = FALSE
	EndGlobalSection
	GlobalSection(ExtensibilityGlobals) = postSolution
		SolutionGuid = {6B11FCC2-8252-4527-AE86-58CE3E464CD5}
	EndGlobalSection
EndGlobal
